// !$*UTF8*$!
{
	archiveVersion = 1;
	classes = {
	};
	objectVersion = 46;
	objects = {

/* Begin PBXBuildFile section */
		D0EC0904195F7F820030F407 /* AppDelegate.swift in Sources */ = {isa = PBXBuildFile; fileRef = D0EC0903195F7F820030F407 /* AppDelegate.swift */; };
		D0EC0906195F7F820030F407 /* ViewController.swift in Sources */ = {isa = PBXBuildFile; fileRef = D0EC0905195F7F820030F407 /* ViewController.swift */; };
		D0EC0909195F7F820030F407 /* Main.storyboard in Resources */ = {isa = PBXBuildFile; fileRef = D0EC0907195F7F820030F407 /* Main.storyboard */; };
		D0EC090B195F7F820030F407 /* Images.xcassets in Resources */ = {isa = PBXBuildFile; fileRef = D0EC090A195F7F820030F407 /* Images.xcassets */; };
		D0EC0917195F7F820030F407 /* PublicDictionaryTests.swift in Sources */ = {isa = PBXBuildFile; fileRef = D0EC0916195F7F820030F407 /* PublicDictionaryTests.swift */; };
		D0EC0921195F97860030F407 /* Query.swift in Sources */ = {isa = PBXBuildFile; fileRef = D0EC0920195F97860030F407 /* Query.swift */; };
/* End PBXBuildFile section */

/* Begin PBXContainerItemProxy section */
		D0EC0911195F7F820030F407 /* PBXContainerItemProxy */ = {
			isa = PBXContainerItemProxy;
			containerPortal = D0EC08F6195F7F820030F407 /* Project object */;
			proxyType = 1;
			remoteGlobalIDString = D0EC08FD195F7F820030F407;
			remoteInfo = PublicDictionary;
		};
/* End PBXContainerItemProxy section */

/* Begin PBXFileReference section */
		D0EC08FE195F7F820030F407 /* PublicDictionary.app */ = {isa = PBXFileReference; explicitFileType = wrapper.application; includeInIndex = 0; path = PublicDictionary.app; sourceTree = BUILT_PRODUCTS_DIR; };
		D0EC0902195F7F820030F407 /* Info.plist */ = {isa = PBXFileReference; lastKnownFileType = text.plist.xml; path = Info.plist; sourceTree = "<group>"; };
		D0EC0903195F7F820030F407 /* AppDelegate.swift */ = {isa = PBXFileReference; lastKnownFileType = sourcecode.swift; path = AppDelegate.swift; sourceTree = "<group>"; };
		D0EC0905195F7F820030F407 /* ViewController.swift */ = {isa = PBXFileReference; lastKnownFileType = sourcecode.swift; path = ViewController.swift; sourceTree = "<group>"; };
		D0EC0908195F7F820030F407 /* Base */ = {isa = PBXFileReference; lastKnownFileType = file.storyboard; name = Base; path = Base.lproj/Main.storyboard; sourceTree = "<group>"; };
		D0EC090A195F7F820030F407 /* Images.xcassets */ = {isa = PBXFileReference; lastKnownFileType = folder.assetcatalog; path = Images.xcassets; sourceTree = "<group>"; };
		D0EC0910195F7F820030F407 /* PublicDictionaryTests.xctest */ = {isa = PBXFileReference; explicitFileType = wrapper.cfbundle; includeInIndex = 0; path = PublicDictionaryTests.xctest; sourceTree = BUILT_PRODUCTS_DIR; };
		D0EC0915195F7F820030F407 /* Info.plist */ = {isa = PBXFileReference; lastKnownFileType = text.plist.xml; path = Info.plist; sourceTree = "<group>"; };
		D0EC0916195F7F820030F407 /* PublicDictionaryTests.swift */ = {isa = PBXFileReference; lastKnownFileType = sourcecode.swift; path = PublicDictionaryTests.swift; sourceTree = "<group>"; };
		D0EC0920195F97860030F407 /* Query.swift */ = {isa = PBXFileReference; fileEncoding = 4; lastKnownFileType = sourcecode.swift; path = Query.swift; sourceTree = "<group>"; };
/* End PBXFileReference section */

/* Begin PBXFrameworksBuildPhase section */
		D0EC08FB195F7F820030F407 /* Frameworks */ = {
			isa = PBXFrameworksBuildPhase;
			buildActionMask = 2147483647;
			files = (
			);
			runOnlyForDeploymentPostprocessing = 0;
		};
		D0EC090D195F7F820030F407 /* Frameworks */ = {
			isa = PBXFrameworksBuildPhase;
			buildActionMask = 2147483647;
			files = (
			);
			runOnlyForDeploymentPostprocessing = 0;
		};
/* End PBXFrameworksBuildPhase section */

/* Begin PBXGroup section */
		D0EC08F5195F7F820030F407 = {
			isa = PBXGroup;
			children = (
				D0EC0900195F7F820030F407 /* PublicDictionary */,
				D0EC0913195F7F820030F407 /* PublicDictionaryTests */,
				D0EC08FF195F7F820030F407 /* Products */,
			);
			sourceTree = "<group>";
		};
		D0EC08FF195F7F820030F407 /* Products */ = {
			isa = PBXGroup;
			children = (
				D0EC08FE195F7F820030F407 /* PublicDictionary.app */,
				D0EC0910195F7F820030F407 /* PublicDictionaryTests.xctest */,
			);
			name = Products;
			sourceTree = "<group>";
		};
		D0EC0900195F7F820030F407 /* PublicDictionary */ = {
			isa = PBXGroup;
			children = (
				D0EC0903195F7F820030F407 /* AppDelegate.swift */,
				D0EC0905195F7F820030F407 /* ViewController.swift */,
				D0EC0907195F7F820030F407 /* Main.storyboard */,
				D0EC090A195F7F820030F407 /* Images.xcassets */,
				D0EC0901195F7F820030F407 /* Supporting Files */,
				D0EC0920195F97860030F407 /* Query.swift */,
			);
			path = PublicDictionary;
			sourceTree = "<group>";
		};
		D0EC0901195F7F820030F407 /* Supporting Files */ = {
			isa = PBXGroup;
			children = (
				D0EC0902195F7F820030F407 /* Info.plist */,
			);
			name = "Supporting Files";
			sourceTree = "<group>";
		};
		D0EC0913195F7F820030F407 /* PublicDictionaryTests */ = {
			isa = PBXGroup;
			children = (
				D0EC0916195F7F820030F407 /* PublicDictionaryTests.swift */,
				D0EC0914195F7F820030F407 /* Supporting Files */,
			);
			path = PublicDictionaryTests;
			sourceTree = "<group>";
		};
		D0EC0914195F7F820030F407 /* Supporting Files */ = {
			isa = PBXGroup;
			children = (
				D0EC0915195F7F820030F407 /* Info.plist */,
			);
			name = "Supporting Files";
			sourceTree = "<group>";
		};
/* End PBXGroup section */

/* Begin PBXNativeTarget section */
		D0EC08FD195F7F820030F407 /* PublicDictionary */ = {
			isa = PBXNativeTarget;
			buildConfigurationList = D0EC091A195F7F820030F407 /* Build configuration list for PBXNativeTarget "PublicDictionary" */;
			buildPhases = (
				D0EC08FA195F7F820030F407 /* Sources */,
				D0EC08FB195F7F820030F407 /* Frameworks */,
				D0EC08FC195F7F820030F407 /* Resources */,
			);
			buildRules = (
			);
			dependencies = (
			);
			name = PublicDictionary;
			productName = PublicDictionary;
			productReference = D0EC08FE195F7F820030F407 /* PublicDictionary.app */;
			productType = "com.apple.product-type.application";
		};
		D0EC090F195F7F820030F407 /* PublicDictionaryTests */ = {
			isa = PBXNativeTarget;
			buildConfigurationList = D0EC091D195F7F820030F407 /* Build configuration list for PBXNativeTarget "PublicDictionaryTests" */;
			buildPhases = (
				D0EC090C195F7F820030F407 /* Sources */,
				D0EC090D195F7F820030F407 /* Frameworks */,
				D0EC090E195F7F820030F407 /* Resources */,
			);
			buildRules = (
			);
			dependencies = (
				D0EC0912195F7F820030F407 /* PBXTargetDependency */,
			);
			name = PublicDictionaryTests;
			productName = PublicDictionaryTests;
			productReference = D0EC0910195F7F820030F407 /* PublicDictionaryTests.xctest */;
			productType = "com.apple.product-type.bundle.unit-test";
		};
/* End PBXNativeTarget section */

/* Begin PBXProject section */
		D0EC08F6195F7F820030F407 /* Project object */ = {
			isa = PBXProject;
			attributes = {
				LastUpgradeCheck = 0600;
				ORGANIZATIONNAME = "Harshpreet Singh";
				TargetAttributes = {
					D0EC08FD195F7F820030F407 = {
						CreatedOnToolsVersion = 6.0;
					};
					D0EC090F195F7F820030F407 = {
						CreatedOnToolsVersion = 6.0;
						TestTargetID = D0EC08FD195F7F820030F407;
					};
				};
			};
			buildConfigurationList = D0EC08F9195F7F820030F407 /* Build configuration list for PBXProject "PublicDictionary" */;
			compatibilityVersion = "Xcode 3.2";
			developmentRegion = English;
			hasScannedForEncodings = 0;
			knownRegions = (
				en,
				Base,
			);
			mainGroup = D0EC08F5195F7F820030F407;
			productRefGroup = D0EC08FF195F7F820030F407 /* Products */;
			projectDirPath = "";
			projectRoot = "";
			targets = (
				D0EC08FD195F7F820030F407 /* PublicDictionary */,
				D0EC090F195F7F820030F407 /* PublicDictionaryTests */,
			);
		};
/* End PBXProject section */

/* Begin PBXResourcesBuildPhase section */
		D0EC08FC195F7F820030F407 /* Resources */ = {
			isa = PBXResourcesBuildPhase;
			buildActionMask = 2147483647;
			files = (
				D0EC0909195F7F820030F407 /* Main.storyboard in Resources */,
				D0EC090B195F7F820030F407 /* Images.xcassets in Resources */,
			);
			runOnlyForDeploymentPostprocessing = 0;
		};
		D0EC090E195F7F820030F407 /* Resources */ = {
			isa = PBXResourcesBuildPhase;
			buildActionMask = 2147483647;
			files = (
			);
			runOnlyForDeploymentPostprocessing = 0;
		};
/* End PBXResourcesBuildPhase section */

/* Begin PBXSourcesBuildPhase section */
		D0EC08FA195F7F820030F407 /* Sources */ = {
			isa = PBXSourcesBuildPhase;
			buildActionMask = 2147483647;
			files = (
				D0EC0906195F7F820030F407 /* ViewController.swift in Sources */,
				D0EC0921195F97860030F407 /* Query.swift in Sources */,
				D0EC0904195F7F820030F407 /* AppDelegate.swift in Sources */,
			);
			runOnlyForDeploymentPostprocessing = 0;
		};
		D0EC090C195F7F820030F407 /* Sources */ = {
			isa = PBXSourcesBuildPhase;
			buildActionMask = 2147483647;
			files = (
				D0EC0917195F7F820030F407 /* PublicDictionaryTests.swift in Sources */,
			);
			runOnlyForDeploymentPostprocessing = 0;
		};
/* End PBXSourcesBuildPhase section */

/* Begin PBXTargetDependency section */
		D0EC0912195F7F820030F407 /* PBXTargetDependency */ = {
			isa = PBXTargetDependency;
			target = D0EC08FD195F7F820030F407 /* PublicDictionary */;
			targetProxy = D0EC0911195F7F820030F407 /* PBXContainerItemProxy */;
		};
/* End PBXTargetDependency section */

/* Begin PBXVariantGroup section */
		D0EC0907195F7F820030F407 /* Main.storyboard */ = {
			isa = PBXVariantGroup;
			children = (
				D0EC0908195F7F820030F407 /* Base */,
			);
			name = Main.storyboard;
			sourceTree = "<group>";
		};
/* End PBXVariantGroup section */

/* Begin XCBuildConfiguration section */
		D0EC0918195F7F820030F407 /* Debug */ = {
			isa = XCBuildConfiguration;
			buildSettings = {
				ALWAYS_SEARCH_USER_PATHS = NO;
				CLANG_CXX_LANGUAGE_STANDARD = "gnu++0x";
				CLANG_CXX_LIBRARY = "libc++";
				CLANG_ENABLE_MODULES = YES;
				CLANG_ENABLE_OBJC_ARC = YES;
				CLANG_WARN_BOOL_CONVERSION = YES;
				CLANG_WARN_CONSTANT_CONVERSION = YES;
				CLANG_WARN_DIRECT_OBJC_ISA_USAGE = YES_ERROR;
				CLANG_WARN_EMPTY_BODY = YES;
				CLANG_WARN_ENUM_CONVERSION = YES;
				CLANG_WARN_INT_CONVERSION = YES;
				CLANG_WARN_OBJC_ROOT_CLASS = YES_ERROR;
				CLANG_WARN_UNREACHABLE_CODE = YES;
				CLANG_WARN__DUPLICATE_METHOD_MATCH = YES;
				"CODE_SIGN_IDENTITY[sdk=iphoneos*]" = "iPhone Developer";
				COPY_PHASE_STRIP = NO;
				ENABLE_STRICT_OBJC_MSGSEND = YES;
				GCC_C_LANGUAGE_STANDARD = gnu99;
				GCC_DYNAMIC_NO_PIC = NO;
				GCC_OPTIMIZATION_LEVEL = 0;
				GCC_PREPROCESSOR_DEFINITIONS = (
					"DEBUG=1",
					"$(inherited)",
				);
				GCC_SYMBOLS_PRIVATE_EXTERN = NO;
				GCC_WARN_64_TO_32_BIT_CONVERSION = YES;
				GCC_WARN_ABOUT_RETURN_TYPE = YES_ERROR;
				GCC_WARN_UNDECLARED_SELECTOR = YES;
				GCC_WARN_UNINITIALIZED_AUTOS = YES_AGGRESSIVE;
				GCC_WARN_UNUSED_FUNCTION = YES;
				GCC_WARN_UNUSED_VARIABLE = YES;
				IPHONEOS_DEPLOYMENT_TARGET = 8.0;
				METAL_ENABLE_DEBUG_INFO = YES;
				ONLY_ACTIVE_ARCH = YES;
				SDKROOT = iphoneos;
				SWIFT_OPTIMIZATION_LEVEL = "-Onone";
			};
			name = Debug;
		};
		D0EC0919195F7F820030F407 /* Release */ = {
			isa = XCBuildConfiguration;
			buildSettings = {
				ALWAYS_SEARCH_USER_PATHS = NO;
				CLANG_CXX_LANGUAGE_STANDARD = "gnu++0x";
				CLANG_CXX_LIBRARY = "libc++";
				CLANG_ENABLE_MODULES = YES;
				CLANG_ENABLE_OBJC_ARC = YES;
				CLANG_WARN_BOOL_CONVERSION = YES;
				CLANG_WARN_CONSTANT_CONVERSION = YES;
				CLANG_WARN_DIRECT_OBJC_ISA_USAGE = YES_ERROR;
				CLANG_WARN_EMPTY_BODY = YES;
				CLANG_WARN_ENUM_CONVERSION = YES;
				CLANG_WARN_INT_CONVERSION = YES;
				CLANG_WARN_OBJC_ROOT_CLASS = YES_ERROR;
				CLANG_WARN_UNREACHABLE_CODE = YES;
				CLANG_WARN__DUPLICATE_METHOD_MATCH = YES;
				"CODE_SIGN_IDENTITY[sdk=iphoneos*]" = "iPhone Developer";
				COPY_PHASE_STRIP = YES;
				ENABLE_NS_ASSERTIONS = NO;
				ENABLE_STRICT_OBJC_MSGSEND = YES;
				GCC_C_LANGUAGE_STANDARD = gnu99;
				GCC_WARN_64_TO_32_BIT_CONVERSION = YES;
				GCC_WARN_ABOUT_RETURN_TYPE = YES_ERROR;
				GCC_WARN_UNDECLARED_SELECTOR = YES;
				GCC_WARN_UNINITIALIZED_AUTOS = YES_AGGRESSIVE;
				GCC_WARN_UNUSED_FUNCTION = YES;
				GCC_WARN_UNUSED_VARIABLE = YES;
				IPHONEOS_DEPLOYMENT_TARGET = 8.0;
				METAL_ENABLE_DEBUG_INFO = NO;
				SDKROOT = iphoneos;
				VALIDATE_PRODUCT = YES;
			};
			name = Release;
		};
		D0EC091B195F7F820030F407 /* Debug */ = {
			isa = XCBuildConfiguration;
			buildSettings = {
				ASSETCATALOG_COMPILER_APPICON_NAME = AppIcon;
				ASSETCATALOG_COMPILER_LAUNCHIMAGE_NAME = LaunchImage;
				INFOPLIST_FILE = PublicDictionary/Info.plist;
				LD_RUNPATH_SEARCH_PATHS = "$(inherited) @executable_path/Frameworks";
				PRODUCT_NAME = "$(TARGET_NAME)";
			};
			name = Debug;
		};
		D0EC091C195F7F820030F407 /* Release */ = {
			isa = XCBuildConfiguration;
			buildSettings = {
				ASSETCATALOG_COMPILER_APPICON_NAME = AppIcon;
				ASSETCATALOG_COMPILER_LAUNCHIMAGE_NAME = LaunchImage;
				INFOPLIST_FILE = PublicDictionary/Info.plist;
				LD_RUNPATH_SEARCH_PATHS = "$(inherited) @executable_path/Frameworks";
				PRODUCT_NAME = "$(TARGET_NAME)";
			};
			name = Release;
		};
		D0EC091E195F7F820030F407 /* Debug */ = {
			isa = XCBuildConfiguration;
			buildSettings = {
				BUNDLE_LOADER = "$(BUILT_PRODUCTS_DIR)/PublicDictionary.app/PublicDictionary";
				FRAMEWORK_SEARCH_PATHS = (
					"$(SDKROOT)/Developer/Library/Frameworks",
					"$(inherited)",
				);
				GCC_PREPROCESSOR_DEFINITIONS = (
					"DEBUG=1",
					"$(inherited)",
				);
				INFOPLIST_FILE = PublicDictionaryTests/Info.plist;
				LD_RUNPATH_SEARCH_PATHS = "$(inherited) @executable_path/Frameworks @loader_path/Frameworks";
				METAL_ENABLE_DEBUG_INFO = YES;
				PRODUCT_NAME = "$(TARGET_NAME)";
				TEST_HOST = "$(BUNDLE_LOADER)";
			};
			name = Debug;
		};
		D0EC091F195F7F820030F407 /* Release */ = {
			isa = XCBuildConfiguration;
			buildSettings = {
				BUNDLE_LOADER = "$(BUILT_PRODUCTS_DIR)/PublicDictionary.app/PublicDictionary";
				FRAMEWORK_SEARCH_PATHS = (
					"$(SDKROOT)/Developer/Library/Frameworks",
					"$(inherited)",
				);
				INFOPLIST_FILE = PublicDictionaryTests/Info.plist;
				LD_RUNPATH_SEARCH_PATHS = "$(inherited) @executable_path/Frameworks @loader_path/Frameworks";
				METAL_ENABLE_DEBUG_INFO = NO;
				PRODUCT_NAME = "$(TARGET_NAME)";
				TEST_HOST = "$(BUNDLE_LOADER)";
			};
			name = Release;
		};
/* End XCBuildConfiguration section */

/* Begin XCConfigurationList section */
		D0EC08F9195F7F820030F407 /* Build configuration list for PBXProject "PublicDictionary" */ = {
			isa = XCConfigurationList;
			buildConfigurations = (
				D0EC0918195F7F820030F407 /* Debug */,
				D0EC0919195F7F820030F407 /* Release */,
			);
			defaultConfigurationIsVisible = 0;
			defaultConfigurationName = Release;
		};
		D0EC091A195F7F820030F407 /* Build configuration list for PBXNativeTarget "PublicDictionary" */ = {
			isa = XCConfigurationList;
			buildConfigurations = (
				D0EC091B195F7F820030F407 /* Debug */,
				D0EC091C195F7F820030F407 /* Release */,
			);
			defaultConfigurationIsVisible = 0;
		};
		D0EC091D195F7F820030F407 /* Build configuration list for PBXNativeTarget "PublicDictionaryTests" */ = {
			isa = XCConfigurationList;
			buildConfigurations = (
				D0EC091E195F7F820030F407 /* Debug */,
				D0EC091F195F7F820030F407 /* Release */,
			);
			defaultConfigurationIsVisible = 0;
		};
/* End XCConfigurationList section */
	};
	rootObject = D0EC08F6195F7F820030F407 /* Project object */;
}
