// !$*UTF8*$!
{
	archiveVersion = 1;
	classes = {
	};
	objectVersion = 46;
	objects = {

/* Begin PBXBuildFile section */
		D06BEFA019AEF1680020B55D /* AppDelegate.swift in Sources */ = {isa = PBXBuildFile; fileRef = D06BEF9F19AEF1680020B55D /* AppDelegate.swift */; };
		D06BEFA319AEF1680020B55D /* yql_demo.xcdatamodeld in Sources */ = {isa = PBXBuildFile; fileRef = D06BEFA119AEF1680020B55D /* yql_demo.xcdatamodeld */; };
		D06BEFA519AEF1680020B55D /* StocksTableViewController.swift in Sources */ = {isa = PBXBuildFile; fileRef = D06BEFA419AEF1680020B55D /* StocksTableViewController.swift */; };
		D06BEFA819AEF1680020B55D /* Main.storyboard in Resources */ = {isa = PBXBuildFile; fileRef = D06BEFA619AEF1680020B55D /* Main.storyboard */; };
		D06BEFAA19AEF1680020B55D /* Images.xcassets in Resources */ = {isa = PBXBuildFile; fileRef = D06BEFA919AEF1680020B55D /* Images.xcassets */; };
		D06BEFB619AEF1680020B55D /* yql_demoTests.swift in Sources */ = {isa = PBXBuildFile; fileRef = D06BEFB519AEF1680020B55D /* yql_demoTests.swift */; };
/* End PBXBuildFile section */

/* Begin PBXContainerItemProxy section */
		D06BEFB019AEF1680020B55D /* PBXContainerItemProxy */ = {
			isa = PBXContainerItemProxy;
			containerPortal = D06BEF9219AEF1680020B55D /* Project object */;
			proxyType = 1;
			remoteGlobalIDString = D06BEF9919AEF1680020B55D;
			remoteInfo = "yql-demo";
		};
/* End PBXContainerItemProxy section */

/* Begin PBXFileReference section */
		D06BEF9A19AEF1680020B55D /* yql-demo.app */ = {isa = PBXFileReference; explicitFileType = wrapper.application; includeInIndex = 0; path = "yql-demo.app"; sourceTree = BUILT_PRODUCTS_DIR; };
		D06BEF9E19AEF1680020B55D /* Info.plist */ = {isa = PBXFileReference; lastKnownFileType = text.plist.xml; path = Info.plist; sourceTree = "<group>"; };
		D06BEF9F19AEF1680020B55D /* AppDelegate.swift */ = {isa = PBXFileReference; lastKnownFileType = sourcecode.swift; path = AppDelegate.swift; sourceTree = "<group>"; };
		D06BEFA219AEF1680020B55D /* yql_demo.xcdatamodel */ = {isa = PBXFileReference; lastKnownFileType = wrapper.xcdatamodel; path = yql_demo.xcdatamodel; sourceTree = "<group>"; };
		D06BEFA419AEF1680020B55D /* StocksTableViewController.swift */ = {isa = PBXFileReference; lastKnownFileType = sourcecode.swift; path = StocksTableViewController.swift; sourceTree = "<group>"; };
		D06BEFA719AEF1680020B55D /* Base */ = {isa = PBXFileReference; lastKnownFileType = file.storyboard; name = Base; path = Base.lproj/Main.storyboard; sourceTree = "<group>"; };
		D06BEFA919AEF1680020B55D /* Images.xcassets */ = {isa = PBXFileReference; lastKnownFileType = folder.assetcatalog; path = Images.xcassets; sourceTree = "<group>"; };
		D06BEFAF19AEF1680020B55D /* yql-demoTests.xctest */ = {isa = PBXFileReference; explicitFileType = wrapper.cfbundle; includeInIndex = 0; path = "yql-demoTests.xctest"; sourceTree = BUILT_PRODUCTS_DIR; };
		D06BEFB419AEF1680020B55D /* Info.plist */ = {isa = PBXFileReference; lastKnownFileType = text.plist.xml; path = Info.plist; sourceTree = "<group>"; };
		D06BEFB519AEF1680020B55D /* yql_demoTests.swift */ = {isa = PBXFileReference; lastKnownFileType = sourcecode.swift; path = yql_demoTests.swift; sourceTree = "<group>"; };
/* End PBXFileReference section */

/* Begin PBXFrameworksBuildPhase section */
		D06BEF9719AEF1680020B55D /* Frameworks */ = {
			isa = PBXFrameworksBuildPhase;
			buildActionMask = 2147483647;
			files = (
			);
			runOnlyForDeploymentPostprocessing = 0;
		};
		D06BEFAC19AEF1680020B55D /* Frameworks */ = {
			isa = PBXFrameworksBuildPhase;
			buildActionMask = 2147483647;
			files = (
			);
			runOnlyForDeploymentPostprocessing = 0;
		};
/* End PBXFrameworksBuildPhase section */

/* Begin PBXGroup section */
		D06BEF9119AEF1680020B55D = {
			isa = PBXGroup;
			children = (
				D06BEF9C19AEF1680020B55D /* yql-demo */,
				D06BEFB219AEF1680020B55D /* yql-demoTests */,
				D06BEF9B19AEF1680020B55D /* Products */,
			);
			sourceTree = "<group>";
		};
		D06BEF9B19AEF1680020B55D /* Products */ = {
			isa = PBXGroup;
			children = (
				D06BEF9A19AEF1680020B55D /* yql-demo.app */,
				D06BEFAF19AEF1680020B55D /* yql-demoTests.xctest */,
			);
			name = Products;
			sourceTree = "<group>";
		};
		D06BEF9C19AEF1680020B55D /* yql-demo */ = {
			isa = PBXGroup;
			children = (
				D06BEF9F19AEF1680020B55D /* AppDelegate.swift */,
				D06BEFA419AEF1680020B55D /* StocksTableViewController.swift */,
				D06BEFA619AEF1680020B55D /* Main.storyboard */,
				D06BEFA919AEF1680020B55D /* Images.xcassets */,
				D06BEFA119AEF1680020B55D /* yql_demo.xcdatamodeld */,
				D06BEF9D19AEF1680020B55D /* Supporting Files */,
			);
			path = "yql-demo";
			sourceTree = "<group>";
		};
		D06BEF9D19AEF1680020B55D /* Supporting Files */ = {
			isa = PBXGroup;
			children = (
				D06BEF9E19AEF1680020B55D /* Info.plist */,
			);
			name = "Supporting Files";
			sourceTree = "<group>";
		};
		D06BEFB219AEF1680020B55D /* yql-demoTests */ = {
			isa = PBXGroup;
			children = (
				D06BEFB519AEF1680020B55D /* yql_demoTests.swift */,
				D06BEFB319AEF1680020B55D /* Supporting Files */,
			);
			path = "yql-demoTests";
			sourceTree = "<group>";
		};
		D06BEFB319AEF1680020B55D /* Supporting Files */ = {
			isa = PBXGroup;
			children = (
				D06BEFB419AEF1680020B55D /* Info.plist */,
			);
			name = "Supporting Files";
			sourceTree = "<group>";
		};
/* End PBXGroup section */

/* Begin PBXNativeTarget section */
		D06BEF9919AEF1680020B55D /* yql-demo */ = {
			isa = PBXNativeTarget;
			buildConfigurationList = D06BEFB919AEF1680020B55D /* Build configuration list for PBXNativeTarget "yql-demo" */;
			buildPhases = (
				D06BEF9619AEF1680020B55D /* Sources */,
				D06BEF9719AEF1680020B55D /* Frameworks */,
				D06BEF9819AEF1680020B55D /* Resources */,
			);
			buildRules = (
			);
			dependencies = (
			);
			name = "yql-demo";
			productName = "yql-demo";
			productReference = D06BEF9A19AEF1680020B55D /* yql-demo.app */;
			productType = "com.apple.product-type.application";
		};
		D06BEFAE19AEF1680020B55D /* yql-demoTests */ = {
			isa = PBXNativeTarget;
			buildConfigurationList = D06BEFBC19AEF1680020B55D /* Build configuration list for PBXNativeTarget "yql-demoTests" */;
			buildPhases = (
				D06BEFAB19AEF1680020B55D /* Sources */,
				D06BEFAC19AEF1680020B55D /* Frameworks */,
				D06BEFAD19AEF1680020B55D /* Resources */,
			);
			buildRules = (
			);
			dependencies = (
				D06BEFB119AEF1680020B55D /* PBXTargetDependency */,
			);
			name = "yql-demoTests";
			productName = "yql-demoTests";
			productReference = D06BEFAF19AEF1680020B55D /* yql-demoTests.xctest */;
			productType = "com.apple.product-type.bundle.unit-test";
		};
/* End PBXNativeTarget section */

/* Begin PBXProject section */
		D06BEF9219AEF1680020B55D /* Project object */ = {
			isa = PBXProject;
			attributes = {
				LastUpgradeCheck = 0600;
				ORGANIZATIONNAME = "Harshpreet Singh";
				TargetAttributes = {
					D06BEF9919AEF1680020B55D = {
						CreatedOnToolsVersion = 6.0;
					};
					D06BEFAE19AEF1680020B55D = {
						CreatedOnToolsVersion = 6.0;
						TestTargetID = D06BEF9919AEF1680020B55D;
					};
				};
			};
			buildConfigurationList = D06BEF9519AEF1680020B55D /* Build configuration list for PBXProject "yql-demo" */;
			compatibilityVersion = "Xcode 3.2";
			developmentRegion = English;
			hasScannedForEncodings = 0;
			knownRegions = (
				en,
				Base,
			);
			mainGroup = D06BEF9119AEF1680020B55D;
			productRefGroup = D06BEF9B19AEF1680020B55D /* Products */;
			projectDirPath = "";
			projectRoot = "";
			targets = (
				D06BEF9919AEF1680020B55D /* yql-demo */,
				D06BEFAE19AEF1680020B55D /* yql-demoTests */,
			);
		};
/* End PBXProject section */

/* Begin PBXResourcesBuildPhase section */
		D06BEF9819AEF1680020B55D /* Resources */ = {
			isa = PBXResourcesBuildPhase;
			buildActionMask = 2147483647;
			files = (
				D06BEFA819AEF1680020B55D /* Main.storyboard in Resources */,
				D06BEFAA19AEF1680020B55D /* Images.xcassets in Resources */,
			);
			runOnlyForDeploymentPostprocessing = 0;
		};
		D06BEFAD19AEF1680020B55D /* Resources */ = {
			isa = PBXResourcesBuildPhase;
			buildActionMask = 2147483647;
			files = (
			);
			runOnlyForDeploymentPostprocessing = 0;
		};
/* End PBXResourcesBuildPhase section */

/* Begin PBXSourcesBuildPhase section */
		D06BEF9619AEF1680020B55D /* Sources */ = {
			isa = PBXSourcesBuildPhase;
			buildActionMask = 2147483647;
			files = (
				D06BEFA519AEF1680020B55D /* StocksTableViewController.swift in Sources */,
				D06BEFA019AEF1680020B55D /* AppDelegate.swift in Sources */,
				D06BEFA319AEF1680020B55D /* yql_demo.xcdatamodeld in Sources */,
			);
			runOnlyForDeploymentPostprocessing = 0;
		};
		D06BEFAB19AEF1680020B55D /* Sources */ = {
			isa = PBXSourcesBuildPhase;
			buildActionMask = 2147483647;
			files = (
				D06BEFB619AEF1680020B55D /* yql_demoTests.swift in Sources */,
			);
			runOnlyForDeploymentPostprocessing = 0;
		};
/* End PBXSourcesBuildPhase section */

/* Begin PBXTargetDependency section */
		D06BEFB119AEF1680020B55D /* PBXTargetDependency */ = {
			isa = PBXTargetDependency;
			target = D06BEF9919AEF1680020B55D /* yql-demo */;
			targetProxy = D06BEFB019AEF1680020B55D /* PBXContainerItemProxy */;
		};
/* End PBXTargetDependency section */

/* Begin PBXVariantGroup section */
		D06BEFA619AEF1680020B55D /* Main.storyboard */ = {
			isa = PBXVariantGroup;
			children = (
				D06BEFA719AEF1680020B55D /* Base */,
			);
			name = Main.storyboard;
			sourceTree = "<group>";
		};
/* End PBXVariantGroup section */

/* Begin XCBuildConfiguration section */
		D06BEFB719AEF1680020B55D /* Debug */ = {
			isa = XCBuildConfiguration;
			buildSettings = {
				ALWAYS_SEARCH_USER_PATHS = NO;
				CLANG_CXX_LANGUAGE_STANDARD = "gnu++0x";
				CLANG_CXX_LIBRARY = "libc++";
				CLANG_ENABLE_MODULES = YES;
				CLANG_ENABLE_OBJC_ARC = YES;
				CLANG_WARN_BOOL_CONVERSION = YES;
				CLANG_WARN_CONSTANT_CONVERSION = YES;
				CLANG_WARN_DIRECT_OBJC_ISA_USAGE = YES_ERROR;
				CLANG_WARN_EMPTY_BODY = YES;
				CLANG_WARN_ENUM_CONVERSION = YES;
				CLANG_WARN_INT_CONVERSION = YES;
				CLANG_WARN_OBJC_ROOT_CLASS = YES_ERROR;
				CLANG_WARN_UNREACHABLE_CODE = YES;
				CLANG_WARN__DUPLICATE_METHOD_MATCH = YES;
				"CODE_SIGN_IDENTITY[sdk=iphoneos*]" = "iPhone Developer";
				COPY_PHASE_STRIP = NO;
				ENABLE_STRICT_OBJC_MSGSEND = YES;
				GCC_C_LANGUAGE_STANDARD = gnu99;
				GCC_DYNAMIC_NO_PIC = NO;
				GCC_OPTIMIZATION_LEVEL = 0;
				GCC_PREPROCESSOR_DEFINITIONS = (
					"DEBUG=1",
					"$(inherited)",
				);
				GCC_SYMBOLS_PRIVATE_EXTERN = NO;
				GCC_WARN_64_TO_32_BIT_CONVERSION = YES;
				GCC_WARN_ABOUT_RETURN_TYPE = YES_ERROR;
				GCC_WARN_UNDECLARED_SELECTOR = YES;
				GCC_WARN_UNINITIALIZED_AUTOS = YES_AGGRESSIVE;
				GCC_WARN_UNUSED_FUNCTION = YES;
				GCC_WARN_UNUSED_VARIABLE = YES;
				IPHONEOS_DEPLOYMENT_TARGET = 8.0;
				MTL_ENABLE_DEBUG_INFO = YES;
				ONLY_ACTIVE_ARCH = YES;
				SDKROOT = iphoneos;
				SWIFT_OPTIMIZATION_LEVEL = "-Onone";
			};
			name = Debug;
		};
		D06BEFB819AEF1680020B55D /* Release */ = {
			isa = XCBuildConfiguration;
			buildSettings = {
				ALWAYS_SEARCH_USER_PATHS = NO;
				CLANG_CXX_LANGUAGE_STANDARD = "gnu++0x";
				CLANG_CXX_LIBRARY = "libc++";
				CLANG_ENABLE_MODULES = YES;
				CLANG_ENABLE_OBJC_ARC = YES;
				CLANG_WARN_BOOL_CONVERSION = YES;
				CLANG_WARN_CONSTANT_CONVERSION = YES;
				CLANG_WARN_DIRECT_OBJC_ISA_USAGE = YES_ERROR;
				CLANG_WARN_EMPTY_BODY = YES;
				CLANG_WARN_ENUM_CONVERSION = YES;
				CLANG_WARN_INT_CONVERSION = YES;
				CLANG_WARN_OBJC_ROOT_CLASS = YES_ERROR;
				CLANG_WARN_UNREACHABLE_CODE = YES;
				CLANG_WARN__DUPLICATE_METHOD_MATCH = YES;
				"CODE_SIGN_IDENTITY[sdk=iphoneos*]" = "iPhone Developer";
				COPY_PHASE_STRIP = YES;
				ENABLE_NS_ASSERTIONS = NO;
				ENABLE_STRICT_OBJC_MSGSEND = YES;
				GCC_C_LANGUAGE_STANDARD = gnu99;
				GCC_WARN_64_TO_32_BIT_CONVERSION = YES;
				GCC_WARN_ABOUT_RETURN_TYPE = YES_ERROR;
				GCC_WARN_UNDECLARED_SELECTOR = YES;
				GCC_WARN_UNINITIALIZED_AUTOS = YES_AGGRESSIVE;
				GCC_WARN_UNUSED_FUNCTION = YES;
				GCC_WARN_UNUSED_VARIABLE = YES;
				IPHONEOS_DEPLOYMENT_TARGET = 8.0;
				MTL_ENABLE_DEBUG_INFO = NO;
				SDKROOT = iphoneos;
				VALIDATE_PRODUCT = YES;
			};
			name = Release;
		};
		D06BEFBA19AEF1680020B55D /* Debug */ = {
			isa = XCBuildConfiguration;
			buildSettings = {
				ASSETCATALOG_COMPILER_APPICON_NAME = AppIcon;
				ASSETCATALOG_COMPILER_LAUNCHIMAGE_NAME = LaunchImage;
				INFOPLIST_FILE = "yql-demo/Info.plist";
				LD_RUNPATH_SEARCH_PATHS = "$(inherited) @executable_path/Frameworks";
				PRODUCT_NAME = "$(TARGET_NAME)";
			};
			name = Debug;
		};
		D06BEFBB19AEF1680020B55D /* Release */ = {
			isa = XCBuildConfiguration;
			buildSettings = {
				ASSETCATALOG_COMPILER_APPICON_NAME = AppIcon;
				ASSETCATALOG_COMPILER_LAUNCHIMAGE_NAME = LaunchImage;
				INFOPLIST_FILE = "yql-demo/Info.plist";
				LD_RUNPATH_SEARCH_PATHS = "$(inherited) @executable_path/Frameworks";
				PRODUCT_NAME = "$(TARGET_NAME)";
			};
			name = Release;
		};
		D06BEFBD19AEF1680020B55D /* Debug */ = {
			isa = XCBuildConfiguration;
			buildSettings = {
				BUNDLE_LOADER = "$(TEST_HOST)";
				FRAMEWORK_SEARCH_PATHS = (
					"$(SDKROOT)/Developer/Library/Frameworks",
					"$(inherited)",
				);
				GCC_PREPROCESSOR_DEFINITIONS = (
					"DEBUG=1",
					"$(inherited)",
				);
				INFOPLIST_FILE = "yql-demoTests/Info.plist";
				LD_RUNPATH_SEARCH_PATHS = "$(inherited) @executable_path/Frameworks @loader_path/Frameworks";
				PRODUCT_NAME = "$(TARGET_NAME)";
				TEST_HOST = "$(BUILT_PRODUCTS_DIR)/yql-demo.app/yql-demo";
			};
			name = Debug;
		};
		D06BEFBE19AEF1680020B55D /* Release */ = {
			isa = XCBuildConfiguration;
			buildSettings = {
				BUNDLE_LOADER = "$(TEST_HOST)";
				FRAMEWORK_SEARCH_PATHS = (
					"$(SDKROOT)/Developer/Library/Frameworks",
					"$(inherited)",
				);
				INFOPLIST_FILE = "yql-demoTests/Info.plist";
				LD_RUNPATH_SEARCH_PATHS = "$(inherited) @executable_path/Frameworks @loader_path/Frameworks";
				PRODUCT_NAME = "$(TARGET_NAME)";
				TEST_HOST = "$(BUILT_PRODUCTS_DIR)/yql-demo.app/yql-demo";
			};
			name = Release;
		};
/* End XCBuildConfiguration section */

/* Begin XCConfigurationList section */
		D06BEF9519AEF1680020B55D /* Build configuration list for PBXProject "yql-demo" */ = {
			isa = XCConfigurationList;
			buildConfigurations = (
				D06BEFB719AEF1680020B55D /* Debug */,
				D06BEFB819AEF1680020B55D /* Release */,
			);
			defaultConfigurationIsVisible = 0;
			defaultConfigurationName = Release;
		};
		D06BEFB919AEF1680020B55D /* Build configuration list for PBXNativeTarget "yql-demo" */ = {
			isa = XCConfigurationList;
			buildConfigurations = (
				D06BEFBA19AEF1680020B55D /* Debug */,
				D06BEFBB19AEF1680020B55D /* Release */,
			);
			defaultConfigurationIsVisible = 0;
		};
		D06BEFBC19AEF1680020B55D /* Build configuration list for PBXNativeTarget "yql-demoTests" */ = {
			isa = XCConfigurationList;
			buildConfigurations = (
				D06BEFBD19AEF1680020B55D /* Debug */,
				D06BEFBE19AEF1680020B55D /* Release */,
			);
			defaultConfigurationIsVisible = 0;
		};
/* End XCConfigurationList section */

/* Begin XCVersionGroup section */
		D06BEFA119AEF1680020B55D /* yql_demo.xcdatamodeld */ = {
			isa = XCVersionGroup;
			children = (
				D06BEFA219AEF1680020B55D /* yql_demo.xcdatamodel */,
			);
			currentVersion = D06BEFA219AEF1680020B55D /* yql_demo.xcdatamodel */;
			path = yql_demo.xcdatamodeld;
			sourceTree = "<group>";
			versionGroupType = wrapper.xcdatamodel;
		};
/* End XCVersionGroup section */
	};
	rootObject = D06BEF9219AEF1680020B55D /* Project object */;
}
