// !$*UTF8*$!
{
	archiveVersion = 1;
	classes = {
	};
	objectVersion = 46;
	objects = {

/* Begin PBXBuildFile section */
		D0D5A02F1942D1BE00F72491 /* AppDelegate.swift in Sources */ = {isa = PBXBuildFile; fileRef = D0D5A02E1942D1BE00F72491 /* AppDelegate.swift */; };
		D0D5A0311942D1BE00F72491 /* ViewController.swift in Sources */ = {isa = PBXBuildFile; fileRef = D0D5A0301942D1BE00F72491 /* ViewController.swift */; };
		D0D5A0341942D1BE00F72491 /* Main.storyboard in Resources */ = {isa = PBXBuildFile; fileRef = D0D5A0321942D1BE00F72491 /* Main.storyboard */; };
		D0D5A0361942D1BE00F72491 /* Images.xcassets in Resources */ = {isa = PBXBuildFile; fileRef = D0D5A0351942D1BE00F72491 /* Images.xcassets */; };
		D0D5A0421942D1BE00F72491 /* lithelpTests.swift in Sources */ = {isa = PBXBuildFile; fileRef = D0D5A0411942D1BE00F72491 /* lithelpTests.swift */; };
/* End PBXBuildFile section */

/* Begin PBXContainerItemProxy section */
		D0D5A03C1942D1BE00F72491 /* PBXContainerItemProxy */ = {
			isa = PBXContainerItemProxy;
			containerPortal = D0D5A0211942D1BE00F72491 /* Project object */;
			proxyType = 1;
			remoteGlobalIDString = D0D5A0281942D1BE00F72491;
			remoteInfo = lithelp;
		};
/* End PBXContainerItemProxy section */

/* Begin PBXFileReference section */
		D068390B194C17650041850A /* SwiftTutorial.playground */ = {isa = PBXFileReference; lastKnownFileType = file.playground; path = SwiftTutorial.playground; sourceTree = "<group>"; };
		D0D5A0291942D1BE00F72491 /* lithelp.app */ = {isa = PBXFileReference; explicitFileType = wrapper.application; includeInIndex = 0; path = lithelp.app; sourceTree = BUILT_PRODUCTS_DIR; };
		D0D5A02D1942D1BE00F72491 /* Info.plist */ = {isa = PBXFileReference; lastKnownFileType = text.plist.xml; path = Info.plist; sourceTree = "<group>"; };
		D0D5A02E1942D1BE00F72491 /* AppDelegate.swift */ = {isa = PBXFileReference; lastKnownFileType = sourcecode.swift; path = AppDelegate.swift; sourceTree = "<group>"; };
		D0D5A0301942D1BE00F72491 /* ViewController.swift */ = {isa = PBXFileReference; lastKnownFileType = sourcecode.swift; path = ViewController.swift; sourceTree = "<group>"; };
		D0D5A0331942D1BE00F72491 /* Base */ = {isa = PBXFileReference; lastKnownFileType = file.storyboard; name = Base; path = Base.lproj/Main.storyboard; sourceTree = "<group>"; };
		D0D5A0351942D1BE00F72491 /* Images.xcassets */ = {isa = PBXFileReference; lastKnownFileType = folder.assetcatalog; path = Images.xcassets; sourceTree = "<group>"; };
		D0D5A03B1942D1BE00F72491 /* lithelpTests.xctest */ = {isa = PBXFileReference; explicitFileType = wrapper.cfbundle; includeInIndex = 0; path = lithelpTests.xctest; sourceTree = BUILT_PRODUCTS_DIR; };
		D0D5A0401942D1BE00F72491 /* Info.plist */ = {isa = PBXFileReference; lastKnownFileType = text.plist.xml; path = Info.plist; sourceTree = "<group>"; };
		D0D5A0411942D1BE00F72491 /* lithelpTests.swift */ = {isa = PBXFileReference; lastKnownFileType = sourcecode.swift; path = lithelpTests.swift; sourceTree = "<group>"; };
/* End PBXFileReference section */

/* Begin PBXFrameworksBuildPhase section */
		D0D5A0261942D1BE00F72491 /* Frameworks */ = {
			isa = PBXFrameworksBuildPhase;
			buildActionMask = 2147483647;
			files = (
			);
			runOnlyForDeploymentPostprocessing = 0;
		};
		D0D5A0381942D1BE00F72491 /* Frameworks */ = {
			isa = PBXFrameworksBuildPhase;
			buildActionMask = 2147483647;
			files = (
			);
			runOnlyForDeploymentPostprocessing = 0;
		};
/* End PBXFrameworksBuildPhase section */

/* Begin PBXGroup section */
		D0D5A0201942D1BE00F72491 = {
			isa = PBXGroup;
			children = (
				D0D5A02B1942D1BE00F72491 /* lithelp */,
				D0D5A03E1942D1BE00F72491 /* lithelpTests */,
				D0D5A02A1942D1BE00F72491 /* Products */,
			);
			sourceTree = "<group>";
		};
		D0D5A02A1942D1BE00F72491 /* Products */ = {
			isa = PBXGroup;
			children = (
				D0D5A0291942D1BE00F72491 /* lithelp.app */,
				D0D5A03B1942D1BE00F72491 /* lithelpTests.xctest */,
			);
			name = Products;
			sourceTree = "<group>";
		};
		D0D5A02B1942D1BE00F72491 /* lithelp */ = {
			isa = PBXGroup;
			children = (
				D0D5A02E1942D1BE00F72491 /* AppDelegate.swift */,
				D0D5A0301942D1BE00F72491 /* ViewController.swift */,
				D068390B194C17650041850A /* SwiftTutorial.playground */,
				D0D5A0321942D1BE00F72491 /* Main.storyboard */,
				D0D5A0351942D1BE00F72491 /* Images.xcassets */,
				D0D5A02C1942D1BE00F72491 /* Supporting Files */,
			);
			path = lithelp;
			sourceTree = "<group>";
		};
		D0D5A02C1942D1BE00F72491 /* Supporting Files */ = {
			isa = PBXGroup;
			children = (
				D0D5A02D1942D1BE00F72491 /* Info.plist */,
			);
			name = "Supporting Files";
			sourceTree = "<group>";
		};
		D0D5A03E1942D1BE00F72491 /* lithelpTests */ = {
			isa = PBXGroup;
			children = (
				D0D5A0411942D1BE00F72491 /* lithelpTests.swift */,
				D0D5A03F1942D1BE00F72491 /* Supporting Files */,
			);
			path = lithelpTests;
			sourceTree = "<group>";
		};
		D0D5A03F1942D1BE00F72491 /* Supporting Files */ = {
			isa = PBXGroup;
			children = (
				D0D5A0401942D1BE00F72491 /* Info.plist */,
			);
			name = "Supporting Files";
			sourceTree = "<group>";
		};
/* End PBXGroup section */

/* Begin PBXNativeTarget section */
		D0D5A0281942D1BE00F72491 /* lithelp */ = {
			isa = PBXNativeTarget;
			buildConfigurationList = D0D5A0451942D1BE00F72491 /* Build configuration list for PBXNativeTarget "lithelp" */;
			buildPhases = (
				D0D5A0251942D1BE00F72491 /* Sources */,
				D0D5A0261942D1BE00F72491 /* Frameworks */,
				D0D5A0271942D1BE00F72491 /* Resources */,
			);
			buildRules = (
			);
			dependencies = (
			);
			name = lithelp;
			productName = lithelp;
			productReference = D0D5A0291942D1BE00F72491 /* lithelp.app */;
			productType = "com.apple.product-type.application";
		};
		D0D5A03A1942D1BE00F72491 /* lithelpTests */ = {
			isa = PBXNativeTarget;
			buildConfigurationList = D0D5A0481942D1BE00F72491 /* Build configuration list for PBXNativeTarget "lithelpTests" */;
			buildPhases = (
				D0D5A0371942D1BE00F72491 /* Sources */,
				D0D5A0381942D1BE00F72491 /* Frameworks */,
				D0D5A0391942D1BE00F72491 /* Resources */,
			);
			buildRules = (
			);
			dependencies = (
				D0D5A03D1942D1BE00F72491 /* PBXTargetDependency */,
			);
			name = lithelpTests;
			productName = lithelpTests;
			productReference = D0D5A03B1942D1BE00F72491 /* lithelpTests.xctest */;
			productType = "com.apple.product-type.bundle.unit-test";
		};
/* End PBXNativeTarget section */

/* Begin PBXProject section */
		D0D5A0211942D1BE00F72491 /* Project object */ = {
			isa = PBXProject;
			attributes = {
				LastUpgradeCheck = 0600;
				ORGANIZATIONNAME = "Harshpreet Singh";
				TargetAttributes = {
					D0D5A0281942D1BE00F72491 = {
						CreatedOnToolsVersion = 6.0;
					};
					D0D5A03A1942D1BE00F72491 = {
						CreatedOnToolsVersion = 6.0;
						TestTargetID = D0D5A0281942D1BE00F72491;
					};
				};
			};
			buildConfigurationList = D0D5A0241942D1BE00F72491 /* Build configuration list for PBXProject "lithelp" */;
			compatibilityVersion = "Xcode 3.2";
			developmentRegion = English;
			hasScannedForEncodings = 0;
			knownRegions = (
				en,
				Base,
			);
			mainGroup = D0D5A0201942D1BE00F72491;
			productRefGroup = D0D5A02A1942D1BE00F72491 /* Products */;
			projectDirPath = "";
			projectRoot = "";
			targets = (
				D0D5A0281942D1BE00F72491 /* lithelp */,
				D0D5A03A1942D1BE00F72491 /* lithelpTests */,
			);
		};
/* End PBXProject section */

/* Begin PBXResourcesBuildPhase section */
		D0D5A0271942D1BE00F72491 /* Resources */ = {
			isa = PBXResourcesBuildPhase;
			buildActionMask = 2147483647;
			files = (
				D0D5A0341942D1BE00F72491 /* Main.storyboard in Resources */,
				D0D5A0361942D1BE00F72491 /* Images.xcassets in Resources */,
			);
			runOnlyForDeploymentPostprocessing = 0;
		};
		D0D5A0391942D1BE00F72491 /* Resources */ = {
			isa = PBXResourcesBuildPhase;
			buildActionMask = 2147483647;
			files = (
			);
			runOnlyForDeploymentPostprocessing = 0;
		};
/* End PBXResourcesBuildPhase section */

/* Begin PBXSourcesBuildPhase section */
		D0D5A0251942D1BE00F72491 /* Sources */ = {
			isa = PBXSourcesBuildPhase;
			buildActionMask = 2147483647;
			files = (
				D0D5A0311942D1BE00F72491 /* ViewController.swift in Sources */,
				D0D5A02F1942D1BE00F72491 /* AppDelegate.swift in Sources */,
			);
			runOnlyForDeploymentPostprocessing = 0;
		};
		D0D5A0371942D1BE00F72491 /* Sources */ = {
			isa = PBXSourcesBuildPhase;
			buildActionMask = 2147483647;
			files = (
				D0D5A0421942D1BE00F72491 /* lithelpTests.swift in Sources */,
			);
			runOnlyForDeploymentPostprocessing = 0;
		};
/* End PBXSourcesBuildPhase section */

/* Begin PBXTargetDependency section */
		D0D5A03D1942D1BE00F72491 /* PBXTargetDependency */ = {
			isa = PBXTargetDependency;
			target = D0D5A0281942D1BE00F72491 /* lithelp */;
			targetProxy = D0D5A03C1942D1BE00F72491 /* PBXContainerItemProxy */;
		};
/* End PBXTargetDependency section */

/* Begin PBXVariantGroup section */
		D0D5A0321942D1BE00F72491 /* Main.storyboard */ = {
			isa = PBXVariantGroup;
			children = (
				D0D5A0331942D1BE00F72491 /* Base */,
			);
			name = Main.storyboard;
			sourceTree = "<group>";
		};
/* End PBXVariantGroup section */

/* Begin XCBuildConfiguration section */
		D0D5A0431942D1BE00F72491 /* Debug */ = {
			isa = XCBuildConfiguration;
			buildSettings = {
				ALWAYS_SEARCH_USER_PATHS = NO;
				CLANG_CXX_LANGUAGE_STANDARD = "gnu++0x";
				CLANG_CXX_LIBRARY = "libc++";
				CLANG_ENABLE_MODULES = YES;
				CLANG_ENABLE_OBJC_ARC = YES;
				CLANG_WARN_BOOL_CONVERSION = YES;
				CLANG_WARN_CONSTANT_CONVERSION = YES;
				CLANG_WARN_DIRECT_OBJC_ISA_USAGE = YES_ERROR;
				CLANG_WARN_EMPTY_BODY = YES;
				CLANG_WARN_ENUM_CONVERSION = YES;
				CLANG_WARN_INT_CONVERSION = YES;
				CLANG_WARN_OBJC_ROOT_CLASS = YES_ERROR;
				CLANG_WARN_UNREACHABLE_CODE = YES;
				CLANG_WARN__DUPLICATE_METHOD_MATCH = YES;
				"CODE_SIGN_IDENTITY[sdk=iphoneos*]" = "iPhone Developer";
				COPY_PHASE_STRIP = NO;
				ENABLE_STRICT_OBJC_MSGSEND = YES;
				GCC_C_LANGUAGE_STANDARD = gnu99;
				GCC_DYNAMIC_NO_PIC = NO;
				GCC_OPTIMIZATION_LEVEL = 0;
				GCC_PREPROCESSOR_DEFINITIONS = (
					"DEBUG=1",
					"$(inherited)",
				);
				GCC_SYMBOLS_PRIVATE_EXTERN = NO;
				GCC_WARN_64_TO_32_BIT_CONVERSION = YES;
				GCC_WARN_ABOUT_RETURN_TYPE = YES_ERROR;
				GCC_WARN_UNDECLARED_SELECTOR = YES;
				GCC_WARN_UNINITIALIZED_AUTOS = YES_AGGRESSIVE;
				GCC_WARN_UNUSED_FUNCTION = YES;
				GCC_WARN_UNUSED_VARIABLE = YES;
				IPHONEOS_DEPLOYMENT_TARGET = 8.0;
				METAL_ENABLE_DEBUG_INFO = YES;
				ONLY_ACTIVE_ARCH = YES;
				SDKROOT = iphoneos;
				SWIFT_OPTIMIZATION_LEVEL = "-Onone";
			};
			name = Debug;
		};
		D0D5A0441942D1BE00F72491 /* Release */ = {
			isa = XCBuildConfiguration;
			buildSettings = {
				ALWAYS_SEARCH_USER_PATHS = NO;
				CLANG_CXX_LANGUAGE_STANDARD = "gnu++0x";
				CLANG_CXX_LIBRARY = "libc++";
				CLANG_ENABLE_MODULES = YES;
				CLANG_ENABLE_OBJC_ARC = YES;
				CLANG_WARN_BOOL_CONVERSION = YES;
				CLANG_WARN_CONSTANT_CONVERSION = YES;
				CLANG_WARN_DIRECT_OBJC_ISA_USAGE = YES_ERROR;
				CLANG_WARN_EMPTY_BODY = YES;
				CLANG_WARN_ENUM_CONVERSION = YES;
				CLANG_WARN_INT_CONVERSION = YES;
				CLANG_WARN_OBJC_ROOT_CLASS = YES_ERROR;
				CLANG_WARN_UNREACHABLE_CODE = YES;
				CLANG_WARN__DUPLICATE_METHOD_MATCH = YES;
				"CODE_SIGN_IDENTITY[sdk=iphoneos*]" = "iPhone Developer";
				COPY_PHASE_STRIP = YES;
				ENABLE_NS_ASSERTIONS = NO;
				ENABLE_STRICT_OBJC_MSGSEND = YES;
				GCC_C_LANGUAGE_STANDARD = gnu99;
				GCC_WARN_64_TO_32_BIT_CONVERSION = YES;
				GCC_WARN_ABOUT_RETURN_TYPE = YES_ERROR;
				GCC_WARN_UNDECLARED_SELECTOR = YES;
				GCC_WARN_UNINITIALIZED_AUTOS = YES_AGGRESSIVE;
				GCC_WARN_UNUSED_FUNCTION = YES;
				GCC_WARN_UNUSED_VARIABLE = YES;
				IPHONEOS_DEPLOYMENT_TARGET = 8.0;
				METAL_ENABLE_DEBUG_INFO = NO;
				SDKROOT = iphoneos;
				VALIDATE_PRODUCT = YES;
			};
			name = Release;
		};
		D0D5A0461942D1BE00F72491 /* Debug */ = {
			isa = XCBuildConfiguration;
			buildSettings = {
				ASSETCATALOG_COMPILER_APPICON_NAME = AppIcon;
				ASSETCATALOG_COMPILER_LAUNCHIMAGE_NAME = LaunchImage;
				INFOPLIST_FILE = lithelp/Info.plist;
				LD_RUNPATH_SEARCH_PATHS = "$(inherited) @executable_path/Frameworks";
				PRODUCT_NAME = "$(TARGET_NAME)";
			};
			name = Debug;
		};
		D0D5A0471942D1BE00F72491 /* Release */ = {
			isa = XCBuildConfiguration;
			buildSettings = {
				ASSETCATALOG_COMPILER_APPICON_NAME = AppIcon;
				ASSETCATALOG_COMPILER_LAUNCHIMAGE_NAME = LaunchImage;
				INFOPLIST_FILE = lithelp/Info.plist;
				LD_RUNPATH_SEARCH_PATHS = "$(inherited) @executable_path/Frameworks";
				PRODUCT_NAME = "$(TARGET_NAME)";
			};
			name = Release;
		};
		D0D5A0491942D1BE00F72491 /* Debug */ = {
			isa = XCBuildConfiguration;
			buildSettings = {
				BUNDLE_LOADER = "$(BUILT_PRODUCTS_DIR)/lithelp.app/lithelp";
				FRAMEWORK_SEARCH_PATHS = (
					"$(SDKROOT)/Developer/Library/Frameworks",
					"$(inherited)",
				);
				GCC_PREPROCESSOR_DEFINITIONS = (
					"DEBUG=1",
					"$(inherited)",
				);
				INFOPLIST_FILE = lithelpTests/Info.plist;
				LD_RUNPATH_SEARCH_PATHS = "$(inherited) @executable_path/Frameworks @loader_path/Frameworks";
				METAL_ENABLE_DEBUG_INFO = YES;
				PRODUCT_NAME = "$(TARGET_NAME)";
				TEST_HOST = "$(BUNDLE_LOADER)";
			};
			name = Debug;
		};
		D0D5A04A1942D1BE00F72491 /* Release */ = {
			isa = XCBuildConfiguration;
			buildSettings = {
				BUNDLE_LOADER = "$(BUILT_PRODUCTS_DIR)/lithelp.app/lithelp";
				FRAMEWORK_SEARCH_PATHS = (
					"$(SDKROOT)/Developer/Library/Frameworks",
					"$(inherited)",
				);
				INFOPLIST_FILE = lithelpTests/Info.plist;
				LD_RUNPATH_SEARCH_PATHS = "$(inherited) @executable_path/Frameworks @loader_path/Frameworks";
				METAL_ENABLE_DEBUG_INFO = NO;
				PRODUCT_NAME = "$(TARGET_NAME)";
				TEST_HOST = "$(BUNDLE_LOADER)";
			};
			name = Release;
		};
/* End XCBuildConfiguration section */

/* Begin XCConfigurationList section */
		D0D5A0241942D1BE00F72491 /* Build configuration list for PBXProject "lithelp" */ = {
			isa = XCConfigurationList;
			buildConfigurations = (
				D0D5A0431942D1BE00F72491 /* Debug */,
				D0D5A0441942D1BE00F72491 /* Release */,
			);
			defaultConfigurationIsVisible = 0;
			defaultConfigurationName = Release;
		};
		D0D5A0451942D1BE00F72491 /* Build configuration list for PBXNativeTarget "lithelp" */ = {
			isa = XCConfigurationList;
			buildConfigurations = (
				D0D5A0461942D1BE00F72491 /* Debug */,
				D0D5A0471942D1BE00F72491 /* Release */,
			);
			defaultConfigurationIsVisible = 0;
			defaultConfigurationName = Release;
		};
		D0D5A0481942D1BE00F72491 /* Build configuration list for PBXNativeTarget "lithelpTests" */ = {
			isa = XCConfigurationList;
			buildConfigurations = (
				D0D5A0491942D1BE00F72491 /* Debug */,
				D0D5A04A1942D1BE00F72491 /* Release */,
			);
			defaultConfigurationIsVisible = 0;
			defaultConfigurationName = Release;
		};
/* End XCConfigurationList section */
	};
	rootObject = D0D5A0211942D1BE00F72491 /* Project object */;
}
