// !$*UTF8*$!
{
	archiveVersion = 1;
	classes = {
	};
	objectVersion = 46;
	objects = {

/* Begin PBXBuildFile section */
		D0BFC28319553AF300BBA9F8 /* AppDelegate.swift in Sources */ = {isa = PBXBuildFile; fileRef = D0BFC28219553AF300BBA9F8 /* AppDelegate.swift */; };
		D0BFC28519553AF300BBA9F8 /* MasterViewController.swift in Sources */ = {isa = PBXBuildFile; fileRef = D0BFC28419553AF300BBA9F8 /* MasterViewController.swift */; };
		D0BFC28719553AF300BBA9F8 /* DetailViewController.swift in Sources */ = {isa = PBXBuildFile; fileRef = D0BFC28619553AF300BBA9F8 /* DetailViewController.swift */; };
		D0BFC28A19553AF300BBA9F8 /* Main.storyboard in Resources */ = {isa = PBXBuildFile; fileRef = D0BFC28819553AF300BBA9F8 /* Main.storyboard */; };
		D0BFC28C19553AF300BBA9F8 /* Images.xcassets in Resources */ = {isa = PBXBuildFile; fileRef = D0BFC28B19553AF300BBA9F8 /* Images.xcassets */; };
		D0BFC29819553AF300BBA9F8 /* FlashCardTests.swift in Sources */ = {isa = PBXBuildFile; fileRef = D0BFC29719553AF300BBA9F8 /* FlashCardTests.swift */; };
/* End PBXBuildFile section */

/* Begin PBXContainerItemProxy section */
		D0BFC29219553AF300BBA9F8 /* PBXContainerItemProxy */ = {
			isa = PBXContainerItemProxy;
			containerPortal = D0BFC27519553AF300BBA9F8 /* Project object */;
			proxyType = 1;
			remoteGlobalIDString = D0BFC27C19553AF300BBA9F8;
			remoteInfo = FlashCard;
		};
/* End PBXContainerItemProxy section */

/* Begin PBXFileReference section */
		D0BFC27D19553AF300BBA9F8 /* FlashCard.app */ = {isa = PBXFileReference; explicitFileType = wrapper.application; includeInIndex = 0; path = FlashCard.app; sourceTree = BUILT_PRODUCTS_DIR; };
		D0BFC28119553AF300BBA9F8 /* Info.plist */ = {isa = PBXFileReference; lastKnownFileType = text.plist.xml; path = Info.plist; sourceTree = "<group>"; };
		D0BFC28219553AF300BBA9F8 /* AppDelegate.swift */ = {isa = PBXFileReference; lastKnownFileType = sourcecode.swift; path = AppDelegate.swift; sourceTree = "<group>"; };
		D0BFC28419553AF300BBA9F8 /* MasterViewController.swift */ = {isa = PBXFileReference; lastKnownFileType = sourcecode.swift; path = MasterViewController.swift; sourceTree = "<group>"; };
		D0BFC28619553AF300BBA9F8 /* DetailViewController.swift */ = {isa = PBXFileReference; lastKnownFileType = sourcecode.swift; path = DetailViewController.swift; sourceTree = "<group>"; };
		D0BFC28919553AF300BBA9F8 /* Base */ = {isa = PBXFileReference; lastKnownFileType = file.storyboard; name = Base; path = Base.lproj/Main.storyboard; sourceTree = "<group>"; };
		D0BFC28B19553AF300BBA9F8 /* Images.xcassets */ = {isa = PBXFileReference; lastKnownFileType = folder.assetcatalog; path = Images.xcassets; sourceTree = "<group>"; };
		D0BFC29119553AF300BBA9F8 /* FlashCardTests.xctest */ = {isa = PBXFileReference; explicitFileType = wrapper.cfbundle; includeInIndex = 0; path = FlashCardTests.xctest; sourceTree = BUILT_PRODUCTS_DIR; };
		D0BFC29619553AF300BBA9F8 /* Info.plist */ = {isa = PBXFileReference; lastKnownFileType = text.plist.xml; path = Info.plist; sourceTree = "<group>"; };
		D0BFC29719553AF300BBA9F8 /* FlashCardTests.swift */ = {isa = PBXFileReference; lastKnownFileType = sourcecode.swift; path = FlashCardTests.swift; sourceTree = "<group>"; };
/* End PBXFileReference section */

/* Begin PBXFrameworksBuildPhase section */
		D0BFC27A19553AF300BBA9F8 /* Frameworks */ = {
			isa = PBXFrameworksBuildPhase;
			buildActionMask = 2147483647;
			files = (
			);
			runOnlyForDeploymentPostprocessing = 0;
		};
		D0BFC28E19553AF300BBA9F8 /* Frameworks */ = {
			isa = PBXFrameworksBuildPhase;
			buildActionMask = 2147483647;
			files = (
			);
			runOnlyForDeploymentPostprocessing = 0;
		};
/* End PBXFrameworksBuildPhase section */

/* Begin PBXGroup section */
		D0BFC27419553AF300BBA9F8 = {
			isa = PBXGroup;
			children = (
				D0BFC27F19553AF300BBA9F8 /* FlashCard */,
				D0BFC29419553AF300BBA9F8 /* FlashCardTests */,
				D0BFC27E19553AF300BBA9F8 /* Products */,
			);
			sourceTree = "<group>";
		};
		D0BFC27E19553AF300BBA9F8 /* Products */ = {
			isa = PBXGroup;
			children = (
				D0BFC27D19553AF300BBA9F8 /* FlashCard.app */,
				D0BFC29119553AF300BBA9F8 /* FlashCardTests.xctest */,
			);
			name = Products;
			sourceTree = "<group>";
		};
		D0BFC27F19553AF300BBA9F8 /* FlashCard */ = {
			isa = PBXGroup;
			children = (
				D0BFC28219553AF300BBA9F8 /* AppDelegate.swift */,
				D0BFC28419553AF300BBA9F8 /* MasterViewController.swift */,
				D0BFC28619553AF300BBA9F8 /* DetailViewController.swift */,
				D0BFC28819553AF300BBA9F8 /* Main.storyboard */,
				D0BFC28B19553AF300BBA9F8 /* Images.xcassets */,
				D0BFC28019553AF300BBA9F8 /* Supporting Files */,
			);
			path = FlashCard;
			sourceTree = "<group>";
		};
		D0BFC28019553AF300BBA9F8 /* Supporting Files */ = {
			isa = PBXGroup;
			children = (
				D0BFC28119553AF300BBA9F8 /* Info.plist */,
			);
			name = "Supporting Files";
			sourceTree = "<group>";
		};
		D0BFC29419553AF300BBA9F8 /* FlashCardTests */ = {
			isa = PBXGroup;
			children = (
				D0BFC29719553AF300BBA9F8 /* FlashCardTests.swift */,
				D0BFC29519553AF300BBA9F8 /* Supporting Files */,
			);
			path = FlashCardTests;
			sourceTree = "<group>";
		};
		D0BFC29519553AF300BBA9F8 /* Supporting Files */ = {
			isa = PBXGroup;
			children = (
				D0BFC29619553AF300BBA9F8 /* Info.plist */,
			);
			name = "Supporting Files";
			sourceTree = "<group>";
		};
/* End PBXGroup section */

/* Begin PBXNativeTarget section */
		D0BFC27C19553AF300BBA9F8 /* FlashCard */ = {
			isa = PBXNativeTarget;
			buildConfigurationList = D0BFC29B19553AF300BBA9F8 /* Build configuration list for PBXNativeTarget "FlashCard" */;
			buildPhases = (
				D0BFC27919553AF300BBA9F8 /* Sources */,
				D0BFC27A19553AF300BBA9F8 /* Frameworks */,
				D0BFC27B19553AF300BBA9F8 /* Resources */,
			);
			buildRules = (
			);
			dependencies = (
			);
			name = FlashCard;
			productName = FlashCard;
			productReference = D0BFC27D19553AF300BBA9F8 /* FlashCard.app */;
			productType = "com.apple.product-type.application";
		};
		D0BFC29019553AF300BBA9F8 /* FlashCardTests */ = {
			isa = PBXNativeTarget;
			buildConfigurationList = D0BFC29E19553AF300BBA9F8 /* Build configuration list for PBXNativeTarget "FlashCardTests" */;
			buildPhases = (
				D0BFC28D19553AF300BBA9F8 /* Sources */,
				D0BFC28E19553AF300BBA9F8 /* Frameworks */,
				D0BFC28F19553AF300BBA9F8 /* Resources */,
			);
			buildRules = (
			);
			dependencies = (
				D0BFC29319553AF300BBA9F8 /* PBXTargetDependency */,
			);
			name = FlashCardTests;
			productName = FlashCardTests;
			productReference = D0BFC29119553AF300BBA9F8 /* FlashCardTests.xctest */;
			productType = "com.apple.product-type.bundle.unit-test";
		};
/* End PBXNativeTarget section */

/* Begin PBXProject section */
		D0BFC27519553AF300BBA9F8 /* Project object */ = {
			isa = PBXProject;
			attributes = {
				LastUpgradeCheck = 0600;
				ORGANIZATIONNAME = "Harshpreet Singh";
				TargetAttributes = {
					D0BFC27C19553AF300BBA9F8 = {
						CreatedOnToolsVersion = 6.0;
					};
					D0BFC29019553AF300BBA9F8 = {
						CreatedOnToolsVersion = 6.0;
						TestTargetID = D0BFC27C19553AF300BBA9F8;
					};
				};
			};
			buildConfigurationList = D0BFC27819553AF300BBA9F8 /* Build configuration list for PBXProject "FlashCard" */;
			compatibilityVersion = "Xcode 3.2";
			developmentRegion = English;
			hasScannedForEncodings = 0;
			knownRegions = (
				en,
				Base,
			);
			mainGroup = D0BFC27419553AF300BBA9F8;
			productRefGroup = D0BFC27E19553AF300BBA9F8 /* Products */;
			projectDirPath = "";
			projectRoot = "";
			targets = (
				D0BFC27C19553AF300BBA9F8 /* FlashCard */,
				D0BFC29019553AF300BBA9F8 /* FlashCardTests */,
			);
		};
/* End PBXProject section */

/* Begin PBXResourcesBuildPhase section */
		D0BFC27B19553AF300BBA9F8 /* Resources */ = {
			isa = PBXResourcesBuildPhase;
			buildActionMask = 2147483647;
			files = (
				D0BFC28A19553AF300BBA9F8 /* Main.storyboard in Resources */,
				D0BFC28C19553AF300BBA9F8 /* Images.xcassets in Resources */,
			);
			runOnlyForDeploymentPostprocessing = 0;
		};
		D0BFC28F19553AF300BBA9F8 /* Resources */ = {
			isa = PBXResourcesBuildPhase;
			buildActionMask = 2147483647;
			files = (
			);
			runOnlyForDeploymentPostprocessing = 0;
		};
/* End PBXResourcesBuildPhase section */

/* Begin PBXSourcesBuildPhase section */
		D0BFC27919553AF300BBA9F8 /* Sources */ = {
			isa = PBXSourcesBuildPhase;
			buildActionMask = 2147483647;
			files = (
				D0BFC28719553AF300BBA9F8 /* DetailViewController.swift in Sources */,
				D0BFC28519553AF300BBA9F8 /* MasterViewController.swift in Sources */,
				D0BFC28319553AF300BBA9F8 /* AppDelegate.swift in Sources */,
			);
			runOnlyForDeploymentPostprocessing = 0;
		};
		D0BFC28D19553AF300BBA9F8 /* Sources */ = {
			isa = PBXSourcesBuildPhase;
			buildActionMask = 2147483647;
			files = (
				D0BFC29819553AF300BBA9F8 /* FlashCardTests.swift in Sources */,
			);
			runOnlyForDeploymentPostprocessing = 0;
		};
/* End PBXSourcesBuildPhase section */

/* Begin PBXTargetDependency section */
		D0BFC29319553AF300BBA9F8 /* PBXTargetDependency */ = {
			isa = PBXTargetDependency;
			target = D0BFC27C19553AF300BBA9F8 /* FlashCard */;
			targetProxy = D0BFC29219553AF300BBA9F8 /* PBXContainerItemProxy */;
		};
/* End PBXTargetDependency section */

/* Begin PBXVariantGroup section */
		D0BFC28819553AF300BBA9F8 /* Main.storyboard */ = {
			isa = PBXVariantGroup;
			children = (
				D0BFC28919553AF300BBA9F8 /* Base */,
			);
			name = Main.storyboard;
			sourceTree = "<group>";
		};
/* End PBXVariantGroup section */

/* Begin XCBuildConfiguration section */
		D0BFC29919553AF300BBA9F8 /* Debug */ = {
			isa = XCBuildConfiguration;
			buildSettings = {
				ALWAYS_SEARCH_USER_PATHS = NO;
				CLANG_CXX_LANGUAGE_STANDARD = "gnu++0x";
				CLANG_CXX_LIBRARY = "libc++";
				CLANG_ENABLE_MODULES = YES;
				CLANG_ENABLE_OBJC_ARC = YES;
				CLANG_WARN_BOOL_CONVERSION = YES;
				CLANG_WARN_CONSTANT_CONVERSION = YES;
				CLANG_WARN_DIRECT_OBJC_ISA_USAGE = YES_ERROR;
				CLANG_WARN_EMPTY_BODY = YES;
				CLANG_WARN_ENUM_CONVERSION = YES;
				CLANG_WARN_INT_CONVERSION = YES;
				CLANG_WARN_OBJC_ROOT_CLASS = YES_ERROR;
				CLANG_WARN_UNREACHABLE_CODE = YES;
				CLANG_WARN__DUPLICATE_METHOD_MATCH = YES;
				"CODE_SIGN_IDENTITY[sdk=iphoneos*]" = "iPhone Developer";
				COPY_PHASE_STRIP = NO;
				ENABLE_STRICT_OBJC_MSGSEND = YES;
				GCC_C_LANGUAGE_STANDARD = gnu99;
				GCC_DYNAMIC_NO_PIC = NO;
				GCC_OPTIMIZATION_LEVEL = 0;
				GCC_PREPROCESSOR_DEFINITIONS = (
					"DEBUG=1",
					"$(inherited)",
				);
				GCC_SYMBOLS_PRIVATE_EXTERN = NO;
				GCC_WARN_64_TO_32_BIT_CONVERSION = YES;
				GCC_WARN_ABOUT_RETURN_TYPE = YES_ERROR;
				GCC_WARN_UNDECLARED_SELECTOR = YES;
				GCC_WARN_UNINITIALIZED_AUTOS = YES_AGGRESSIVE;
				GCC_WARN_UNUSED_FUNCTION = YES;
				GCC_WARN_UNUSED_VARIABLE = YES;
				IPHONEOS_DEPLOYMENT_TARGET = 8.0;
				METAL_ENABLE_DEBUG_INFO = YES;
				ONLY_ACTIVE_ARCH = YES;
				SDKROOT = iphoneos;
				SWIFT_OPTIMIZATION_LEVEL = "-Onone";
			};
			name = Debug;
		};
		D0BFC29A19553AF300BBA9F8 /* Release */ = {
			isa = XCBuildConfiguration;
			buildSettings = {
				ALWAYS_SEARCH_USER_PATHS = NO;
				CLANG_CXX_LANGUAGE_STANDARD = "gnu++0x";
				CLANG_CXX_LIBRARY = "libc++";
				CLANG_ENABLE_MODULES = YES;
				CLANG_ENABLE_OBJC_ARC = YES;
				CLANG_WARN_BOOL_CONVERSION = YES;
				CLANG_WARN_CONSTANT_CONVERSION = YES;
				CLANG_WARN_DIRECT_OBJC_ISA_USAGE = YES_ERROR;
				CLANG_WARN_EMPTY_BODY = YES;
				CLANG_WARN_ENUM_CONVERSION = YES;
				CLANG_WARN_INT_CONVERSION = YES;
				CLANG_WARN_OBJC_ROOT_CLASS = YES_ERROR;
				CLANG_WARN_UNREACHABLE_CODE = YES;
				CLANG_WARN__DUPLICATE_METHOD_MATCH = YES;
				"CODE_SIGN_IDENTITY[sdk=iphoneos*]" = "iPhone Developer";
				COPY_PHASE_STRIP = YES;
				ENABLE_NS_ASSERTIONS = NO;
				ENABLE_STRICT_OBJC_MSGSEND = YES;
				GCC_C_LANGUAGE_STANDARD = gnu99;
				GCC_WARN_64_TO_32_BIT_CONVERSION = YES;
				GCC_WARN_ABOUT_RETURN_TYPE = YES_ERROR;
				GCC_WARN_UNDECLARED_SELECTOR = YES;
				GCC_WARN_UNINITIALIZED_AUTOS = YES_AGGRESSIVE;
				GCC_WARN_UNUSED_FUNCTION = YES;
				GCC_WARN_UNUSED_VARIABLE = YES;
				IPHONEOS_DEPLOYMENT_TARGET = 8.0;
				METAL_ENABLE_DEBUG_INFO = NO;
				SDKROOT = iphoneos;
				VALIDATE_PRODUCT = YES;
			};
			name = Release;
		};
		D0BFC29C19553AF300BBA9F8 /* Debug */ = {
			isa = XCBuildConfiguration;
			buildSettings = {
				ASSETCATALOG_COMPILER_APPICON_NAME = AppIcon;
				ASSETCATALOG_COMPILER_LAUNCHIMAGE_NAME = LaunchImage;
				INFOPLIST_FILE = FlashCard/Info.plist;
				LD_RUNPATH_SEARCH_PATHS = "$(inherited) @executable_path/Frameworks";
				PRODUCT_NAME = "$(TARGET_NAME)";
			};
			name = Debug;
		};
		D0BFC29D19553AF300BBA9F8 /* Release */ = {
			isa = XCBuildConfiguration;
			buildSettings = {
				ASSETCATALOG_COMPILER_APPICON_NAME = AppIcon;
				ASSETCATALOG_COMPILER_LAUNCHIMAGE_NAME = LaunchImage;
				INFOPLIST_FILE = FlashCard/Info.plist;
				LD_RUNPATH_SEARCH_PATHS = "$(inherited) @executable_path/Frameworks";
				PRODUCT_NAME = "$(TARGET_NAME)";
			};
			name = Release;
		};
		D0BFC29F19553AF300BBA9F8 /* Debug */ = {
			isa = XCBuildConfiguration;
			buildSettings = {
				BUNDLE_LOADER = "$(BUILT_PRODUCTS_DIR)/FlashCard.app/FlashCard";
				FRAMEWORK_SEARCH_PATHS = (
					"$(SDKROOT)/Developer/Library/Frameworks",
					"$(inherited)",
				);
				GCC_PREPROCESSOR_DEFINITIONS = (
					"DEBUG=1",
					"$(inherited)",
				);
				INFOPLIST_FILE = FlashCardTests/Info.plist;
				LD_RUNPATH_SEARCH_PATHS = "$(inherited) @executable_path/Frameworks @loader_path/Frameworks";
				METAL_ENABLE_DEBUG_INFO = YES;
				PRODUCT_NAME = "$(TARGET_NAME)";
				TEST_HOST = "$(BUNDLE_LOADER)";
			};
			name = Debug;
		};
		D0BFC2A019553AF300BBA9F8 /* Release */ = {
			isa = XCBuildConfiguration;
			buildSettings = {
				BUNDLE_LOADER = "$(BUILT_PRODUCTS_DIR)/FlashCard.app/FlashCard";
				FRAMEWORK_SEARCH_PATHS = (
					"$(SDKROOT)/Developer/Library/Frameworks",
					"$(inherited)",
				);
				INFOPLIST_FILE = FlashCardTests/Info.plist;
				LD_RUNPATH_SEARCH_PATHS = "$(inherited) @executable_path/Frameworks @loader_path/Frameworks";
				METAL_ENABLE_DEBUG_INFO = NO;
				PRODUCT_NAME = "$(TARGET_NAME)";
				TEST_HOST = "$(BUNDLE_LOADER)";
			};
			name = Release;
		};
/* End XCBuildConfiguration section */

/* Begin XCConfigurationList section */
		D0BFC27819553AF300BBA9F8 /* Build configuration list for PBXProject "FlashCard" */ = {
			isa = XCConfigurationList;
			buildConfigurations = (
				D0BFC29919553AF300BBA9F8 /* Debug */,
				D0BFC29A19553AF300BBA9F8 /* Release */,
			);
			defaultConfigurationIsVisible = 0;
			defaultConfigurationName = Release;
		};
		D0BFC29B19553AF300BBA9F8 /* Build configuration list for PBXNativeTarget "FlashCard" */ = {
			isa = XCConfigurationList;
			buildConfigurations = (
				D0BFC29C19553AF300BBA9F8 /* Debug */,
				D0BFC29D19553AF300BBA9F8 /* Release */,
			);
			defaultConfigurationIsVisible = 0;
		};
		D0BFC29E19553AF300BBA9F8 /* Build configuration list for PBXNativeTarget "FlashCardTests" */ = {
			isa = XCConfigurationList;
			buildConfigurations = (
				D0BFC29F19553AF300BBA9F8 /* Debug */,
				D0BFC2A019553AF300BBA9F8 /* Release */,
			);
			defaultConfigurationIsVisible = 0;
		};
/* End XCConfigurationList section */
	};
	rootObject = D0BFC27519553AF300BBA9F8 /* Project object */;
}
