// !$*UTF8*$!
{
	archiveVersion = 1;
	classes = {
	};
	objectVersion = 46;
	objects = {

/* Begin PBXBuildFile section */
		D0D5A0061942CE8400F72491 /* AppDelegate.swift in Sources */ = {isa = PBXBuildFile; fileRef = D0D5A0051942CE8400F72491 /* AppDelegate.swift */; };
		D0D5A0081942CE8400F72491 /* ViewController.swift in Sources */ = {isa = PBXBuildFile; fileRef = D0D5A0071942CE8400F72491 /* ViewController.swift */; };
		D0D5A00B1942CE8400F72491 /* Main.storyboard in Resources */ = {isa = PBXBuildFile; fileRef = D0D5A0091942CE8400F72491 /* Main.storyboard */; };
		D0D5A00D1942CE8400F72491 /* Images.xcassets in Resources */ = {isa = PBXBuildFile; fileRef = D0D5A00C1942CE8400F72491 /* Images.xcassets */; };
		D0D5A0191942CE8500F72491 /* dictTests.swift in Sources */ = {isa = PBXBuildFile; fileRef = D0D5A0181942CE8500F72491 /* dictTests.swift */; };
/* End PBXBuildFile section */

/* Begin PBXContainerItemProxy section */
		D0D59FEE1942CC8300F72491 /* PBXContainerItemProxy */ = {
			isa = PBXContainerItemProxy;
			containerPortal = D0D59FD81942CC8300F72491 /* Project object */;
			proxyType = 1;
			remoteGlobalIDString = D0D59FDF1942CC8300F72491;
			remoteInfo = Dictionary;
		};
		D0D5A0131942CE8500F72491 /* PBXContainerItemProxy */ = {
			isa = PBXContainerItemProxy;
			containerPortal = D0D59FD81942CC8300F72491 /* Project object */;
			proxyType = 1;
			remoteGlobalIDString = D0D5A0001942CE8400F72491;
			remoteInfo = dict;
		};
/* End PBXContainerItemProxy section */

/* Begin PBXFileReference section */
		D0D59FE01942CC8300F72491 /* Dictionary.app */ = {isa = PBXFileReference; explicitFileType = wrapper.application; includeInIndex = 0; path = Dictionary.app; sourceTree = BUILT_PRODUCTS_DIR; };
		D0D59FED1942CC8300F72491 /* DictionaryTests.xctest */ = {isa = PBXFileReference; explicitFileType = wrapper.cfbundle; includeInIndex = 0; path = DictionaryTests.xctest; sourceTree = BUILT_PRODUCTS_DIR; };
		D0D5A0011942CE8400F72491 /* dict.app */ = {isa = PBXFileReference; explicitFileType = wrapper.application; includeInIndex = 0; path = dict.app; sourceTree = BUILT_PRODUCTS_DIR; };
		D0D5A0041942CE8400F72491 /* Info.plist */ = {isa = PBXFileReference; lastKnownFileType = text.plist.xml; path = Info.plist; sourceTree = "<group>"; };
		D0D5A0051942CE8400F72491 /* AppDelegate.swift */ = {isa = PBXFileReference; lastKnownFileType = sourcecode.swift; path = AppDelegate.swift; sourceTree = "<group>"; };
		D0D5A0071942CE8400F72491 /* ViewController.swift */ = {isa = PBXFileReference; lastKnownFileType = sourcecode.swift; path = ViewController.swift; sourceTree = "<group>"; };
		D0D5A00A1942CE8400F72491 /* Base */ = {isa = PBXFileReference; lastKnownFileType = file.storyboard; name = Base; path = Base.lproj/Main.storyboard; sourceTree = "<group>"; };
		D0D5A00C1942CE8400F72491 /* Images.xcassets */ = {isa = PBXFileReference; lastKnownFileType = folder.assetcatalog; path = Images.xcassets; sourceTree = "<group>"; };
		D0D5A0121942CE8500F72491 /* dictTests.xctest */ = {isa = PBXFileReference; explicitFileType = wrapper.cfbundle; includeInIndex = 0; path = dictTests.xctest; sourceTree = BUILT_PRODUCTS_DIR; };
		D0D5A0171942CE8500F72491 /* Info.plist */ = {isa = PBXFileReference; lastKnownFileType = text.plist.xml; path = Info.plist; sourceTree = "<group>"; };
		D0D5A0181942CE8500F72491 /* dictTests.swift */ = {isa = PBXFileReference; lastKnownFileType = sourcecode.swift; path = dictTests.swift; sourceTree = "<group>"; };
/* End PBXFileReference section */

/* Begin PBXFrameworksBuildPhase section */
		D0D59FDD1942CC8300F72491 /* Frameworks */ = {
			isa = PBXFrameworksBuildPhase;
			buildActionMask = 2147483647;
			files = (
			);
			runOnlyForDeploymentPostprocessing = 0;
		};
		D0D59FEA1942CC8300F72491 /* Frameworks */ = {
			isa = PBXFrameworksBuildPhase;
			buildActionMask = 2147483647;
			files = (
			);
			runOnlyForDeploymentPostprocessing = 0;
		};
		D0D59FFE1942CE8400F72491 /* Frameworks */ = {
			isa = PBXFrameworksBuildPhase;
			buildActionMask = 2147483647;
			files = (
			);
			runOnlyForDeploymentPostprocessing = 0;
		};
		D0D5A00F1942CE8500F72491 /* Frameworks */ = {
			isa = PBXFrameworksBuildPhase;
			buildActionMask = 2147483647;
			files = (
			);
			runOnlyForDeploymentPostprocessing = 0;
		};
/* End PBXFrameworksBuildPhase section */

/* Begin PBXGroup section */
		D0D59FD71942CC8300F72491 = {
			isa = PBXGroup;
			children = (
				D0D5A0021942CE8400F72491 /* dict */,
				D0D5A0151942CE8500F72491 /* dictTests */,
				D0D59FE11942CC8300F72491 /* Products */,
			);
			sourceTree = "<group>";
		};
		D0D59FE11942CC8300F72491 /* Products */ = {
			isa = PBXGroup;
			children = (
				D0D59FE01942CC8300F72491 /* Dictionary.app */,
				D0D59FED1942CC8300F72491 /* DictionaryTests.xctest */,
				D0D5A0011942CE8400F72491 /* dict.app */,
				D0D5A0121942CE8500F72491 /* dictTests.xctest */,
			);
			name = Products;
			sourceTree = "<group>";
		};
		D0D5A0021942CE8400F72491 /* dict */ = {
			isa = PBXGroup;
			children = (
				D0D5A0051942CE8400F72491 /* AppDelegate.swift */,
				D0D5A0071942CE8400F72491 /* ViewController.swift */,
				D0D5A0091942CE8400F72491 /* Main.storyboard */,
				D0D5A00C1942CE8400F72491 /* Images.xcassets */,
				D0D5A0031942CE8400F72491 /* Supporting Files */,
			);
			path = dict;
			sourceTree = "<group>";
		};
		D0D5A0031942CE8400F72491 /* Supporting Files */ = {
			isa = PBXGroup;
			children = (
				D0D5A0041942CE8400F72491 /* Info.plist */,
			);
			name = "Supporting Files";
			sourceTree = "<group>";
		};
		D0D5A0151942CE8500F72491 /* dictTests */ = {
			isa = PBXGroup;
			children = (
				D0D5A0181942CE8500F72491 /* dictTests.swift */,
				D0D5A0161942CE8500F72491 /* Supporting Files */,
			);
			path = dictTests;
			sourceTree = "<group>";
		};
		D0D5A0161942CE8500F72491 /* Supporting Files */ = {
			isa = PBXGroup;
			children = (
				D0D5A0171942CE8500F72491 /* Info.plist */,
			);
			name = "Supporting Files";
			sourceTree = "<group>";
		};
/* End PBXGroup section */

/* Begin PBXNativeTarget section */
		D0D59FDF1942CC8300F72491 /* Dictionary */ = {
			isa = PBXNativeTarget;
			buildConfigurationList = D0D59FF71942CC8300F72491 /* Build configuration list for PBXNativeTarget "Dictionary" */;
			buildPhases = (
				D0D59FDC1942CC8300F72491 /* Sources */,
				D0D59FDD1942CC8300F72491 /* Frameworks */,
				D0D59FDE1942CC8300F72491 /* Resources */,
			);
			buildRules = (
			);
			dependencies = (
			);
			name = Dictionary;
			productName = Dictionary;
			productReference = D0D59FE01942CC8300F72491 /* Dictionary.app */;
			productType = "com.apple.product-type.application";
		};
		D0D59FEC1942CC8300F72491 /* DictionaryTests */ = {
			isa = PBXNativeTarget;
			buildConfigurationList = D0D59FFA1942CC8300F72491 /* Build configuration list for PBXNativeTarget "DictionaryTests" */;
			buildPhases = (
				D0D59FE91942CC8300F72491 /* Sources */,
				D0D59FEA1942CC8300F72491 /* Frameworks */,
				D0D59FEB1942CC8300F72491 /* Resources */,
			);
			buildRules = (
			);
			dependencies = (
				D0D59FEF1942CC8300F72491 /* PBXTargetDependency */,
			);
			name = DictionaryTests;
			productName = DictionaryTests;
			productReference = D0D59FED1942CC8300F72491 /* DictionaryTests.xctest */;
			productType = "com.apple.product-type.bundle.unit-test";
		};
		D0D5A0001942CE8400F72491 /* dict */ = {
			isa = PBXNativeTarget;
			buildConfigurationList = D0D5A01A1942CE8500F72491 /* Build configuration list for PBXNativeTarget "dict" */;
			buildPhases = (
				D0D59FFD1942CE8400F72491 /* Sources */,
				D0D59FFE1942CE8400F72491 /* Frameworks */,
				D0D59FFF1942CE8400F72491 /* Resources */,
			);
			buildRules = (
			);
			dependencies = (
			);
			name = dict;
			productName = dict;
			productReference = D0D5A0011942CE8400F72491 /* dict.app */;
			productType = "com.apple.product-type.application";
		};
		D0D5A0111942CE8500F72491 /* dictTests */ = {
			isa = PBXNativeTarget;
			buildConfigurationList = D0D5A01D1942CE8500F72491 /* Build configuration list for PBXNativeTarget "dictTests" */;
			buildPhases = (
				D0D5A00E1942CE8500F72491 /* Sources */,
				D0D5A00F1942CE8500F72491 /* Frameworks */,
				D0D5A0101942CE8500F72491 /* Resources */,
			);
			buildRules = (
			);
			dependencies = (
				D0D5A0141942CE8500F72491 /* PBXTargetDependency */,
			);
			name = dictTests;
			productName = dictTests;
			productReference = D0D5A0121942CE8500F72491 /* dictTests.xctest */;
			productType = "com.apple.product-type.bundle.unit-test";
		};
/* End PBXNativeTarget section */

/* Begin PBXProject section */
		D0D59FD81942CC8300F72491 /* Project object */ = {
			isa = PBXProject;
			attributes = {
				LastUpgradeCheck = 0600;
				ORGANIZATIONNAME = "Harshpreet Singh";
				TargetAttributes = {
					D0D59FDF1942CC8300F72491 = {
						CreatedOnToolsVersion = 6.0;
					};
					D0D59FEC1942CC8300F72491 = {
						CreatedOnToolsVersion = 6.0;
						TestTargetID = D0D59FDF1942CC8300F72491;
					};
					D0D5A0001942CE8400F72491 = {
						CreatedOnToolsVersion = 6.0;
					};
					D0D5A0111942CE8500F72491 = {
						CreatedOnToolsVersion = 6.0;
						TestTargetID = D0D5A0001942CE8400F72491;
					};
				};
			};
			buildConfigurationList = D0D59FDB1942CC8300F72491 /* Build configuration list for PBXProject "Dictionary" */;
			compatibilityVersion = "Xcode 3.2";
			developmentRegion = English;
			hasScannedForEncodings = 0;
			knownRegions = (
				en,
				Base,
			);
			mainGroup = D0D59FD71942CC8300F72491;
			productRefGroup = D0D59FE11942CC8300F72491 /* Products */;
			projectDirPath = "";
			projectRoot = "";
			targets = (
				D0D59FDF1942CC8300F72491 /* Dictionary */,
				D0D59FEC1942CC8300F72491 /* DictionaryTests */,
				D0D5A0001942CE8400F72491 /* dict */,
				D0D5A0111942CE8500F72491 /* dictTests */,
			);
		};
/* End PBXProject section */

/* Begin PBXResourcesBuildPhase section */
		D0D59FDE1942CC8300F72491 /* Resources */ = {
			isa = PBXResourcesBuildPhase;
			buildActionMask = 2147483647;
			files = (
			);
			runOnlyForDeploymentPostprocessing = 0;
		};
		D0D59FEB1942CC8300F72491 /* Resources */ = {
			isa = PBXResourcesBuildPhase;
			buildActionMask = 2147483647;
			files = (
			);
			runOnlyForDeploymentPostprocessing = 0;
		};
		D0D59FFF1942CE8400F72491 /* Resources */ = {
			isa = PBXResourcesBuildPhase;
			buildActionMask = 2147483647;
			files = (
				D0D5A00B1942CE8400F72491 /* Main.storyboard in Resources */,
				D0D5A00D1942CE8400F72491 /* Images.xcassets in Resources */,
			);
			runOnlyForDeploymentPostprocessing = 0;
		};
		D0D5A0101942CE8500F72491 /* Resources */ = {
			isa = PBXResourcesBuildPhase;
			buildActionMask = 2147483647;
			files = (
			);
			runOnlyForDeploymentPostprocessing = 0;
		};
/* End PBXResourcesBuildPhase section */

/* Begin PBXSourcesBuildPhase section */
		D0D59FDC1942CC8300F72491 /* Sources */ = {
			isa = PBXSourcesBuildPhase;
			buildActionMask = 2147483647;
			files = (
			);
			runOnlyForDeploymentPostprocessing = 0;
		};
		D0D59FE91942CC8300F72491 /* Sources */ = {
			isa = PBXSourcesBuildPhase;
			buildActionMask = 2147483647;
			files = (
			);
			runOnlyForDeploymentPostprocessing = 0;
		};
		D0D59FFD1942CE8400F72491 /* Sources */ = {
			isa = PBXSourcesBuildPhase;
			buildActionMask = 2147483647;
			files = (
				D0D5A0081942CE8400F72491 /* ViewController.swift in Sources */,
				D0D5A0061942CE8400F72491 /* AppDelegate.swift in Sources */,
			);
			runOnlyForDeploymentPostprocessing = 0;
		};
		D0D5A00E1942CE8500F72491 /* Sources */ = {
			isa = PBXSourcesBuildPhase;
			buildActionMask = 2147483647;
			files = (
				D0D5A0191942CE8500F72491 /* dictTests.swift in Sources */,
			);
			runOnlyForDeploymentPostprocessing = 0;
		};
/* End PBXSourcesBuildPhase section */

/* Begin PBXTargetDependency section */
		D0D59FEF1942CC8300F72491 /* PBXTargetDependency */ = {
			isa = PBXTargetDependency;
			target = D0D59FDF1942CC8300F72491 /* Dictionary */;
			targetProxy = D0D59FEE1942CC8300F72491 /* PBXContainerItemProxy */;
		};
		D0D5A0141942CE8500F72491 /* PBXTargetDependency */ = {
			isa = PBXTargetDependency;
			target = D0D5A0001942CE8400F72491 /* dict */;
			targetProxy = D0D5A0131942CE8500F72491 /* PBXContainerItemProxy */;
		};
/* End PBXTargetDependency section */

/* Begin PBXVariantGroup section */
		D0D5A0091942CE8400F72491 /* Main.storyboard */ = {
			isa = PBXVariantGroup;
			children = (
				D0D5A00A1942CE8400F72491 /* Base */,
			);
			name = Main.storyboard;
			sourceTree = "<group>";
		};
/* End PBXVariantGroup section */

/* Begin XCBuildConfiguration section */
		D0D59FF51942CC8300F72491 /* Debug */ = {
			isa = XCBuildConfiguration;
			buildSettings = {
				ALWAYS_SEARCH_USER_PATHS = NO;
				CLANG_CXX_LANGUAGE_STANDARD = "gnu++0x";
				CLANG_CXX_LIBRARY = "libc++";
				CLANG_ENABLE_MODULES = YES;
				CLANG_ENABLE_OBJC_ARC = YES;
				CLANG_WARN_BOOL_CONVERSION = YES;
				CLANG_WARN_CONSTANT_CONVERSION = YES;
				CLANG_WARN_DIRECT_OBJC_ISA_USAGE = YES_ERROR;
				CLANG_WARN_EMPTY_BODY = YES;
				CLANG_WARN_ENUM_CONVERSION = YES;
				CLANG_WARN_INT_CONVERSION = YES;
				CLANG_WARN_OBJC_ROOT_CLASS = YES_ERROR;
				CLANG_WARN_UNREACHABLE_CODE = YES;
				CLANG_WARN__DUPLICATE_METHOD_MATCH = YES;
				"CODE_SIGN_IDENTITY[sdk=iphoneos*]" = "iPhone Developer";
				COPY_PHASE_STRIP = NO;
				ENABLE_STRICT_OBJC_MSGSEND = YES;
				GCC_C_LANGUAGE_STANDARD = gnu99;
				GCC_DYNAMIC_NO_PIC = NO;
				GCC_OPTIMIZATION_LEVEL = 0;
				GCC_PREPROCESSOR_DEFINITIONS = (
					"DEBUG=1",
					"$(inherited)",
				);
				GCC_SYMBOLS_PRIVATE_EXTERN = NO;
				GCC_WARN_64_TO_32_BIT_CONVERSION = YES;
				GCC_WARN_ABOUT_RETURN_TYPE = YES_ERROR;
				GCC_WARN_UNDECLARED_SELECTOR = YES;
				GCC_WARN_UNINITIALIZED_AUTOS = YES_AGGRESSIVE;
				GCC_WARN_UNUSED_FUNCTION = YES;
				GCC_WARN_UNUSED_VARIABLE = YES;
				IPHONEOS_DEPLOYMENT_TARGET = 8.0;
				METAL_ENABLE_DEBUG_INFO = YES;
				ONLY_ACTIVE_ARCH = YES;
				SDKROOT = iphoneos;
				SWIFT_OPTIMIZATION_LEVEL = "-Onone";
			};
			name = Debug;
		};
		D0D59FF61942CC8300F72491 /* Release */ = {
			isa = XCBuildConfiguration;
			buildSettings = {
				ALWAYS_SEARCH_USER_PATHS = NO;
				CLANG_CXX_LANGUAGE_STANDARD = "gnu++0x";
				CLANG_CXX_LIBRARY = "libc++";
				CLANG_ENABLE_MODULES = YES;
				CLANG_ENABLE_OBJC_ARC = YES;
				CLANG_WARN_BOOL_CONVERSION = YES;
				CLANG_WARN_CONSTANT_CONVERSION = YES;
				CLANG_WARN_DIRECT_OBJC_ISA_USAGE = YES_ERROR;
				CLANG_WARN_EMPTY_BODY = YES;
				CLANG_WARN_ENUM_CONVERSION = YES;
				CLANG_WARN_INT_CONVERSION = YES;
				CLANG_WARN_OBJC_ROOT_CLASS = YES_ERROR;
				CLANG_WARN_UNREACHABLE_CODE = YES;
				CLANG_WARN__DUPLICATE_METHOD_MATCH = YES;
				"CODE_SIGN_IDENTITY[sdk=iphoneos*]" = "iPhone Developer";
				COPY_PHASE_STRIP = YES;
				ENABLE_NS_ASSERTIONS = NO;
				ENABLE_STRICT_OBJC_MSGSEND = YES;
				GCC_C_LANGUAGE_STANDARD = gnu99;
				GCC_WARN_64_TO_32_BIT_CONVERSION = YES;
				GCC_WARN_ABOUT_RETURN_TYPE = YES_ERROR;
				GCC_WARN_UNDECLARED_SELECTOR = YES;
				GCC_WARN_UNINITIALIZED_AUTOS = YES_AGGRESSIVE;
				GCC_WARN_UNUSED_FUNCTION = YES;
				GCC_WARN_UNUSED_VARIABLE = YES;
				IPHONEOS_DEPLOYMENT_TARGET = 8.0;
				METAL_ENABLE_DEBUG_INFO = NO;
				SDKROOT = iphoneos;
				VALIDATE_PRODUCT = YES;
			};
			name = Release;
		};
		D0D59FF81942CC8300F72491 /* Debug */ = {
			isa = XCBuildConfiguration;
			buildSettings = {
				ASSETCATALOG_COMPILER_APPICON_NAME = AppIcon;
				ASSETCATALOG_COMPILER_LAUNCHIMAGE_NAME = LaunchImage;
				INFOPLIST_FILE = Dictionary/Info.plist;
				LD_RUNPATH_SEARCH_PATHS = "$(inherited) @executable_path/Frameworks";
				PRODUCT_NAME = "$(TARGET_NAME)";
			};
			name = Debug;
		};
		D0D59FF91942CC8300F72491 /* Release */ = {
			isa = XCBuildConfiguration;
			buildSettings = {
				ASSETCATALOG_COMPILER_APPICON_NAME = AppIcon;
				ASSETCATALOG_COMPILER_LAUNCHIMAGE_NAME = LaunchImage;
				INFOPLIST_FILE = Dictionary/Info.plist;
				LD_RUNPATH_SEARCH_PATHS = "$(inherited) @executable_path/Frameworks";
				PRODUCT_NAME = "$(TARGET_NAME)";
			};
			name = Release;
		};
		D0D59FFB1942CC8300F72491 /* Debug */ = {
			isa = XCBuildConfiguration;
			buildSettings = {
				BUNDLE_LOADER = "$(BUILT_PRODUCTS_DIR)/Dictionary.app/Dictionary";
				FRAMEWORK_SEARCH_PATHS = (
					"$(SDKROOT)/Developer/Library/Frameworks",
					"$(inherited)",
				);
				GCC_PREPROCESSOR_DEFINITIONS = (
					"DEBUG=1",
					"$(inherited)",
				);
				INFOPLIST_FILE = DictionaryTests/Info.plist;
				LD_RUNPATH_SEARCH_PATHS = "$(inherited) @executable_path/Frameworks @loader_path/Frameworks";
				METAL_ENABLE_DEBUG_INFO = YES;
				PRODUCT_NAME = "$(TARGET_NAME)";
				TEST_HOST = "$(BUNDLE_LOADER)";
			};
			name = Debug;
		};
		D0D59FFC1942CC8300F72491 /* Release */ = {
			isa = XCBuildConfiguration;
			buildSettings = {
				BUNDLE_LOADER = "$(BUILT_PRODUCTS_DIR)/Dictionary.app/Dictionary";
				FRAMEWORK_SEARCH_PATHS = (
					"$(SDKROOT)/Developer/Library/Frameworks",
					"$(inherited)",
				);
				INFOPLIST_FILE = DictionaryTests/Info.plist;
				LD_RUNPATH_SEARCH_PATHS = "$(inherited) @executable_path/Frameworks @loader_path/Frameworks";
				METAL_ENABLE_DEBUG_INFO = NO;
				PRODUCT_NAME = "$(TARGET_NAME)";
				TEST_HOST = "$(BUNDLE_LOADER)";
			};
			name = Release;
		};
		D0D5A01B1942CE8500F72491 /* Debug */ = {
			isa = XCBuildConfiguration;
			buildSettings = {
				ASSETCATALOG_COMPILER_APPICON_NAME = AppIcon;
				ASSETCATALOG_COMPILER_LAUNCHIMAGE_NAME = LaunchImage;
				GCC_PREPROCESSOR_DEFINITIONS = (
					"DEBUG=1",
					"$(inherited)",
				);
				INFOPLIST_FILE = dict/Info.plist;
				LD_RUNPATH_SEARCH_PATHS = "$(inherited) @executable_path/Frameworks";
				METAL_ENABLE_DEBUG_INFO = YES;
				PRODUCT_NAME = "$(TARGET_NAME)";
			};
			name = Debug;
		};
		D0D5A01C1942CE8500F72491 /* Release */ = {
			isa = XCBuildConfiguration;
			buildSettings = {
				ASSETCATALOG_COMPILER_APPICON_NAME = AppIcon;
				ASSETCATALOG_COMPILER_LAUNCHIMAGE_NAME = LaunchImage;
				INFOPLIST_FILE = dict/Info.plist;
				LD_RUNPATH_SEARCH_PATHS = "$(inherited) @executable_path/Frameworks";
				METAL_ENABLE_DEBUG_INFO = NO;
				PRODUCT_NAME = "$(TARGET_NAME)";
			};
			name = Release;
		};
		D0D5A01E1942CE8500F72491 /* Debug */ = {
			isa = XCBuildConfiguration;
			buildSettings = {
				BUNDLE_LOADER = "$(BUILT_PRODUCTS_DIR)/dict.app/dict";
				FRAMEWORK_SEARCH_PATHS = (
					"$(SDKROOT)/Developer/Library/Frameworks",
					"$(inherited)",
				);
				GCC_PREPROCESSOR_DEFINITIONS = (
					"DEBUG=1",
					"$(inherited)",
				);
				INFOPLIST_FILE = dictTests/Info.plist;
				LD_RUNPATH_SEARCH_PATHS = "$(inherited) @executable_path/Frameworks @loader_path/Frameworks";
				METAL_ENABLE_DEBUG_INFO = YES;
				PRODUCT_NAME = "$(TARGET_NAME)";
				TEST_HOST = "$(BUNDLE_LOADER)";
			};
			name = Debug;
		};
		D0D5A01F1942CE8500F72491 /* Release */ = {
			isa = XCBuildConfiguration;
			buildSettings = {
				BUNDLE_LOADER = "$(BUILT_PRODUCTS_DIR)/dict.app/dict";
				FRAMEWORK_SEARCH_PATHS = (
					"$(SDKROOT)/Developer/Library/Frameworks",
					"$(inherited)",
				);
				INFOPLIST_FILE = dictTests/Info.plist;
				LD_RUNPATH_SEARCH_PATHS = "$(inherited) @executable_path/Frameworks @loader_path/Frameworks";
				METAL_ENABLE_DEBUG_INFO = NO;
				PRODUCT_NAME = "$(TARGET_NAME)";
				TEST_HOST = "$(BUNDLE_LOADER)";
			};
			name = Release;
		};
/* End XCBuildConfiguration section */

/* Begin XCConfigurationList section */
		D0D59FDB1942CC8300F72491 /* Build configuration list for PBXProject "Dictionary" */ = {
			isa = XCConfigurationList;
			buildConfigurations = (
				D0D59FF51942CC8300F72491 /* Debug */,
				D0D59FF61942CC8300F72491 /* Release */,
			);
			defaultConfigurationIsVisible = 0;
			defaultConfigurationName = Release;
		};
		D0D59FF71942CC8300F72491 /* Build configuration list for PBXNativeTarget "Dictionary" */ = {
			isa = XCConfigurationList;
			buildConfigurations = (
				D0D59FF81942CC8300F72491 /* Debug */,
				D0D59FF91942CC8300F72491 /* Release */,
			);
			defaultConfigurationIsVisible = 0;
		};
		D0D59FFA1942CC8300F72491 /* Build configuration list for PBXNativeTarget "DictionaryTests" */ = {
			isa = XCConfigurationList;
			buildConfigurations = (
				D0D59FFB1942CC8300F72491 /* Debug */,
				D0D59FFC1942CC8300F72491 /* Release */,
			);
			defaultConfigurationIsVisible = 0;
		};
		D0D5A01A1942CE8500F72491 /* Build configuration list for PBXNativeTarget "dict" */ = {
			isa = XCConfigurationList;
			buildConfigurations = (
				D0D5A01B1942CE8500F72491 /* Debug */,
				D0D5A01C1942CE8500F72491 /* Release */,
			);
			defaultConfigurationIsVisible = 0;
		};
		D0D5A01D1942CE8500F72491 /* Build configuration list for PBXNativeTarget "dictTests" */ = {
			isa = XCConfigurationList;
			buildConfigurations = (
				D0D5A01E1942CE8500F72491 /* Debug */,
				D0D5A01F1942CE8500F72491 /* Release */,
			);
			defaultConfigurationIsVisible = 0;
		};
/* End XCConfigurationList section */
	};
	rootObject = D0D59FD81942CC8300F72491 /* Project object */;
}
