// !$*UTF8*$!
{
	archiveVersion = 1;
	classes = {
	};
	objectVersion = 46;
	objects = {

/* Begin PBXBuildFile section */
		D09DDDD31961056400DCCD44 /* AppDelegate.swift in Sources */ = {isa = PBXBuildFile; fileRef = D09DDDD21961056400DCCD44 /* AppDelegate.swift */; };
		D09DDDD51961056400DCCD44 /* ViewController.swift in Sources */ = {isa = PBXBuildFile; fileRef = D09DDDD41961056400DCCD44 /* ViewController.swift */; };
		D09DDDD81961056400DCCD44 /* Main.storyboard in Resources */ = {isa = PBXBuildFile; fileRef = D09DDDD61961056400DCCD44 /* Main.storyboard */; };
		D09DDDDA1961056400DCCD44 /* Images.xcassets in Resources */ = {isa = PBXBuildFile; fileRef = D09DDDD91961056400DCCD44 /* Images.xcassets */; };
		D09DDDE61961056400DCCD44 /* quave_tutorial_1Tests.swift in Sources */ = {isa = PBXBuildFile; fileRef = D09DDDE51961056400DCCD44 /* quave_tutorial_1Tests.swift */; };
/* End PBXBuildFile section */

/* Begin PBXContainerItemProxy section */
		D09DDDE01961056400DCCD44 /* PBXContainerItemProxy */ = {
			isa = PBXContainerItemProxy;
			containerPortal = D09DDDC51961056300DCCD44 /* Project object */;
			proxyType = 1;
			remoteGlobalIDString = D09DDDCC1961056300DCCD44;
			remoteInfo = quave_tutorial_1;
		};
/* End PBXContainerItemProxy section */

/* Begin PBXFileReference section */
		D09DDDCD1961056300DCCD44 /* quave_tutorial_1.app */ = {isa = PBXFileReference; explicitFileType = wrapper.application; includeInIndex = 0; path = quave_tutorial_1.app; sourceTree = BUILT_PRODUCTS_DIR; };
		D09DDDD11961056400DCCD44 /* Info.plist */ = {isa = PBXFileReference; lastKnownFileType = text.plist.xml; path = Info.plist; sourceTree = "<group>"; };
		D09DDDD21961056400DCCD44 /* AppDelegate.swift */ = {isa = PBXFileReference; lastKnownFileType = sourcecode.swift; path = AppDelegate.swift; sourceTree = "<group>"; };
		D09DDDD41961056400DCCD44 /* ViewController.swift */ = {isa = PBXFileReference; lastKnownFileType = sourcecode.swift; path = ViewController.swift; sourceTree = "<group>"; };
		D09DDDD71961056400DCCD44 /* Base */ = {isa = PBXFileReference; lastKnownFileType = file.storyboard; name = Base; path = Base.lproj/Main.storyboard; sourceTree = "<group>"; };
		D09DDDD91961056400DCCD44 /* Images.xcassets */ = {isa = PBXFileReference; lastKnownFileType = folder.assetcatalog; path = Images.xcassets; sourceTree = "<group>"; };
		D09DDDDF1961056400DCCD44 /* quave_tutorial_1Tests.xctest */ = {isa = PBXFileReference; explicitFileType = wrapper.cfbundle; includeInIndex = 0; path = quave_tutorial_1Tests.xctest; sourceTree = BUILT_PRODUCTS_DIR; };
		D09DDDE41961056400DCCD44 /* Info.plist */ = {isa = PBXFileReference; lastKnownFileType = text.plist.xml; path = Info.plist; sourceTree = "<group>"; };
		D09DDDE51961056400DCCD44 /* quave_tutorial_1Tests.swift */ = {isa = PBXFileReference; lastKnownFileType = sourcecode.swift; path = quave_tutorial_1Tests.swift; sourceTree = "<group>"; };
/* End PBXFileReference section */

/* Begin PBXFrameworksBuildPhase section */
		D09DDDCA1961056300DCCD44 /* Frameworks */ = {
			isa = PBXFrameworksBuildPhase;
			buildActionMask = 2147483647;
			files = (
			);
			runOnlyForDeploymentPostprocessing = 0;
		};
		D09DDDDC1961056400DCCD44 /* Frameworks */ = {
			isa = PBXFrameworksBuildPhase;
			buildActionMask = 2147483647;
			files = (
			);
			runOnlyForDeploymentPostprocessing = 0;
		};
/* End PBXFrameworksBuildPhase section */

/* Begin PBXGroup section */
		D09DDDC41961056300DCCD44 = {
			isa = PBXGroup;
			children = (
				D09DDDCF1961056300DCCD44 /* quave_tutorial_1 */,
				D09DDDE21961056400DCCD44 /* quave_tutorial_1Tests */,
				D09DDDCE1961056300DCCD44 /* Products */,
			);
			sourceTree = "<group>";
		};
		D09DDDCE1961056300DCCD44 /* Products */ = {
			isa = PBXGroup;
			children = (
				D09DDDCD1961056300DCCD44 /* quave_tutorial_1.app */,
				D09DDDDF1961056400DCCD44 /* quave_tutorial_1Tests.xctest */,
			);
			name = Products;
			sourceTree = "<group>";
		};
		D09DDDCF1961056300DCCD44 /* quave_tutorial_1 */ = {
			isa = PBXGroup;
			children = (
				D09DDDD21961056400DCCD44 /* AppDelegate.swift */,
				D09DDDD41961056400DCCD44 /* ViewController.swift */,
				D09DDDD61961056400DCCD44 /* Main.storyboard */,
				D09DDDD91961056400DCCD44 /* Images.xcassets */,
				D09DDDD01961056400DCCD44 /* Supporting Files */,
			);
			path = quave_tutorial_1;
			sourceTree = "<group>";
		};
		D09DDDD01961056400DCCD44 /* Supporting Files */ = {
			isa = PBXGroup;
			children = (
				D09DDDD11961056400DCCD44 /* Info.plist */,
			);
			name = "Supporting Files";
			sourceTree = "<group>";
		};
		D09DDDE21961056400DCCD44 /* quave_tutorial_1Tests */ = {
			isa = PBXGroup;
			children = (
				D09DDDE51961056400DCCD44 /* quave_tutorial_1Tests.swift */,
				D09DDDE31961056400DCCD44 /* Supporting Files */,
			);
			path = quave_tutorial_1Tests;
			sourceTree = "<group>";
		};
		D09DDDE31961056400DCCD44 /* Supporting Files */ = {
			isa = PBXGroup;
			children = (
				D09DDDE41961056400DCCD44 /* Info.plist */,
			);
			name = "Supporting Files";
			sourceTree = "<group>";
		};
/* End PBXGroup section */

/* Begin PBXNativeTarget section */
		D09DDDCC1961056300DCCD44 /* quave_tutorial_1 */ = {
			isa = PBXNativeTarget;
			buildConfigurationList = D09DDDE91961056400DCCD44 /* Build configuration list for PBXNativeTarget "quave_tutorial_1" */;
			buildPhases = (
				D09DDDC91961056300DCCD44 /* Sources */,
				D09DDDCA1961056300DCCD44 /* Frameworks */,
				D09DDDCB1961056300DCCD44 /* Resources */,
			);
			buildRules = (
			);
			dependencies = (
			);
			name = quave_tutorial_1;
			productName = quave_tutorial_1;
			productReference = D09DDDCD1961056300DCCD44 /* quave_tutorial_1.app */;
			productType = "com.apple.product-type.application";
		};
		D09DDDDE1961056400DCCD44 /* quave_tutorial_1Tests */ = {
			isa = PBXNativeTarget;
			buildConfigurationList = D09DDDEC1961056400DCCD44 /* Build configuration list for PBXNativeTarget "quave_tutorial_1Tests" */;
			buildPhases = (
				D09DDDDB1961056400DCCD44 /* Sources */,
				D09DDDDC1961056400DCCD44 /* Frameworks */,
				D09DDDDD1961056400DCCD44 /* Resources */,
			);
			buildRules = (
			);
			dependencies = (
				D09DDDE11961056400DCCD44 /* PBXTargetDependency */,
			);
			name = quave_tutorial_1Tests;
			productName = quave_tutorial_1Tests;
			productReference = D09DDDDF1961056400DCCD44 /* quave_tutorial_1Tests.xctest */;
			productType = "com.apple.product-type.bundle.unit-test";
		};
/* End PBXNativeTarget section */

/* Begin PBXProject section */
		D09DDDC51961056300DCCD44 /* Project object */ = {
			isa = PBXProject;
			attributes = {
				LastUpgradeCheck = 0600;
				ORGANIZATIONNAME = "Harshpreet Singh";
				TargetAttributes = {
					D09DDDCC1961056300DCCD44 = {
						CreatedOnToolsVersion = 6.0;
					};
					D09DDDDE1961056400DCCD44 = {
						CreatedOnToolsVersion = 6.0;
						TestTargetID = D09DDDCC1961056300DCCD44;
					};
				};
			};
			buildConfigurationList = D09DDDC81961056300DCCD44 /* Build configuration list for PBXProject "quave_tutorial_1" */;
			compatibilityVersion = "Xcode 3.2";
			developmentRegion = English;
			hasScannedForEncodings = 0;
			knownRegions = (
				en,
				Base,
			);
			mainGroup = D09DDDC41961056300DCCD44;
			productRefGroup = D09DDDCE1961056300DCCD44 /* Products */;
			projectDirPath = "";
			projectRoot = "";
			targets = (
				D09DDDCC1961056300DCCD44 /* quave_tutorial_1 */,
				D09DDDDE1961056400DCCD44 /* quave_tutorial_1Tests */,
			);
		};
/* End PBXProject section */

/* Begin PBXResourcesBuildPhase section */
		D09DDDCB1961056300DCCD44 /* Resources */ = {
			isa = PBXResourcesBuildPhase;
			buildActionMask = 2147483647;
			files = (
				D09DDDD81961056400DCCD44 /* Main.storyboard in Resources */,
				D09DDDDA1961056400DCCD44 /* Images.xcassets in Resources */,
			);
			runOnlyForDeploymentPostprocessing = 0;
		};
		D09DDDDD1961056400DCCD44 /* Resources */ = {
			isa = PBXResourcesBuildPhase;
			buildActionMask = 2147483647;
			files = (
			);
			runOnlyForDeploymentPostprocessing = 0;
		};
/* End PBXResourcesBuildPhase section */

/* Begin PBXSourcesBuildPhase section */
		D09DDDC91961056300DCCD44 /* Sources */ = {
			isa = PBXSourcesBuildPhase;
			buildActionMask = 2147483647;
			files = (
				D09DDDD51961056400DCCD44 /* ViewController.swift in Sources */,
				D09DDDD31961056400DCCD44 /* AppDelegate.swift in Sources */,
			);
			runOnlyForDeploymentPostprocessing = 0;
		};
		D09DDDDB1961056400DCCD44 /* Sources */ = {
			isa = PBXSourcesBuildPhase;
			buildActionMask = 2147483647;
			files = (
				D09DDDE61961056400DCCD44 /* quave_tutorial_1Tests.swift in Sources */,
			);
			runOnlyForDeploymentPostprocessing = 0;
		};
/* End PBXSourcesBuildPhase section */

/* Begin PBXTargetDependency section */
		D09DDDE11961056400DCCD44 /* PBXTargetDependency */ = {
			isa = PBXTargetDependency;
			target = D09DDDCC1961056300DCCD44 /* quave_tutorial_1 */;
			targetProxy = D09DDDE01961056400DCCD44 /* PBXContainerItemProxy */;
		};
/* End PBXTargetDependency section */

/* Begin PBXVariantGroup section */
		D09DDDD61961056400DCCD44 /* Main.storyboard */ = {
			isa = PBXVariantGroup;
			children = (
				D09DDDD71961056400DCCD44 /* Base */,
			);
			name = Main.storyboard;
			sourceTree = "<group>";
		};
/* End PBXVariantGroup section */

/* Begin XCBuildConfiguration section */
		D09DDDE71961056400DCCD44 /* Debug */ = {
			isa = XCBuildConfiguration;
			buildSettings = {
				ALWAYS_SEARCH_USER_PATHS = NO;
				CLANG_CXX_LANGUAGE_STANDARD = "gnu++0x";
				CLANG_CXX_LIBRARY = "libc++";
				CLANG_ENABLE_MODULES = YES;
				CLANG_ENABLE_OBJC_ARC = YES;
				CLANG_WARN_BOOL_CONVERSION = YES;
				CLANG_WARN_CONSTANT_CONVERSION = YES;
				CLANG_WARN_DIRECT_OBJC_ISA_USAGE = YES_ERROR;
				CLANG_WARN_EMPTY_BODY = YES;
				CLANG_WARN_ENUM_CONVERSION = YES;
				CLANG_WARN_INT_CONVERSION = YES;
				CLANG_WARN_OBJC_ROOT_CLASS = YES_ERROR;
				CLANG_WARN_UNREACHABLE_CODE = YES;
				CLANG_WARN__DUPLICATE_METHOD_MATCH = YES;
				"CODE_SIGN_IDENTITY[sdk=iphoneos*]" = "iPhone Developer";
				COPY_PHASE_STRIP = NO;
				ENABLE_STRICT_OBJC_MSGSEND = YES;
				GCC_C_LANGUAGE_STANDARD = gnu99;
				GCC_DYNAMIC_NO_PIC = NO;
				GCC_OPTIMIZATION_LEVEL = 0;
				GCC_PREPROCESSOR_DEFINITIONS = (
					"DEBUG=1",
					"$(inherited)",
				);
				GCC_SYMBOLS_PRIVATE_EXTERN = NO;
				GCC_WARN_64_TO_32_BIT_CONVERSION = YES;
				GCC_WARN_ABOUT_RETURN_TYPE = YES_ERROR;
				GCC_WARN_UNDECLARED_SELECTOR = YES;
				GCC_WARN_UNINITIALIZED_AUTOS = YES_AGGRESSIVE;
				GCC_WARN_UNUSED_FUNCTION = YES;
				GCC_WARN_UNUSED_VARIABLE = YES;
				IPHONEOS_DEPLOYMENT_TARGET = 8.0;
				METAL_ENABLE_DEBUG_INFO = YES;
				ONLY_ACTIVE_ARCH = YES;
				SDKROOT = iphoneos;
				SWIFT_OPTIMIZATION_LEVEL = "-Onone";
			};
			name = Debug;
		};
		D09DDDE81961056400DCCD44 /* Release */ = {
			isa = XCBuildConfiguration;
			buildSettings = {
				ALWAYS_SEARCH_USER_PATHS = NO;
				CLANG_CXX_LANGUAGE_STANDARD = "gnu++0x";
				CLANG_CXX_LIBRARY = "libc++";
				CLANG_ENABLE_MODULES = YES;
				CLANG_ENABLE_OBJC_ARC = YES;
				CLANG_WARN_BOOL_CONVERSION = YES;
				CLANG_WARN_CONSTANT_CONVERSION = YES;
				CLANG_WARN_DIRECT_OBJC_ISA_USAGE = YES_ERROR;
				CLANG_WARN_EMPTY_BODY = YES;
				CLANG_WARN_ENUM_CONVERSION = YES;
				CLANG_WARN_INT_CONVERSION = YES;
				CLANG_WARN_OBJC_ROOT_CLASS = YES_ERROR;
				CLANG_WARN_UNREACHABLE_CODE = YES;
				CLANG_WARN__DUPLICATE_METHOD_MATCH = YES;
				"CODE_SIGN_IDENTITY[sdk=iphoneos*]" = "iPhone Developer";
				COPY_PHASE_STRIP = YES;
				ENABLE_NS_ASSERTIONS = NO;
				ENABLE_STRICT_OBJC_MSGSEND = YES;
				GCC_C_LANGUAGE_STANDARD = gnu99;
				GCC_WARN_64_TO_32_BIT_CONVERSION = YES;
				GCC_WARN_ABOUT_RETURN_TYPE = YES_ERROR;
				GCC_WARN_UNDECLARED_SELECTOR = YES;
				GCC_WARN_UNINITIALIZED_AUTOS = YES_AGGRESSIVE;
				GCC_WARN_UNUSED_FUNCTION = YES;
				GCC_WARN_UNUSED_VARIABLE = YES;
				IPHONEOS_DEPLOYMENT_TARGET = 8.0;
				METAL_ENABLE_DEBUG_INFO = NO;
				SDKROOT = iphoneos;
				VALIDATE_PRODUCT = YES;
			};
			name = Release;
		};
		D09DDDEA1961056400DCCD44 /* Debug */ = {
			isa = XCBuildConfiguration;
			buildSettings = {
				ASSETCATALOG_COMPILER_APPICON_NAME = AppIcon;
				ASSETCATALOG_COMPILER_LAUNCHIMAGE_NAME = LaunchImage;
				INFOPLIST_FILE = quave_tutorial_1/Info.plist;
				LD_RUNPATH_SEARCH_PATHS = "$(inherited) @executable_path/Frameworks";
				PRODUCT_NAME = "$(TARGET_NAME)";
			};
			name = Debug;
		};
		D09DDDEB1961056400DCCD44 /* Release */ = {
			isa = XCBuildConfiguration;
			buildSettings = {
				ASSETCATALOG_COMPILER_APPICON_NAME = AppIcon;
				ASSETCATALOG_COMPILER_LAUNCHIMAGE_NAME = LaunchImage;
				INFOPLIST_FILE = quave_tutorial_1/Info.plist;
				LD_RUNPATH_SEARCH_PATHS = "$(inherited) @executable_path/Frameworks";
				PRODUCT_NAME = "$(TARGET_NAME)";
			};
			name = Release;
		};
		D09DDDED1961056400DCCD44 /* Debug */ = {
			isa = XCBuildConfiguration;
			buildSettings = {
				BUNDLE_LOADER = "$(BUILT_PRODUCTS_DIR)/quave_tutorial_1.app/quave_tutorial_1";
				FRAMEWORK_SEARCH_PATHS = (
					"$(SDKROOT)/Developer/Library/Frameworks",
					"$(inherited)",
				);
				GCC_PREPROCESSOR_DEFINITIONS = (
					"DEBUG=1",
					"$(inherited)",
				);
				INFOPLIST_FILE = quave_tutorial_1Tests/Info.plist;
				LD_RUNPATH_SEARCH_PATHS = "$(inherited) @executable_path/Frameworks @loader_path/Frameworks";
				METAL_ENABLE_DEBUG_INFO = YES;
				PRODUCT_NAME = "$(TARGET_NAME)";
				TEST_HOST = "$(BUNDLE_LOADER)";
			};
			name = Debug;
		};
		D09DDDEE1961056400DCCD44 /* Release */ = {
			isa = XCBuildConfiguration;
			buildSettings = {
				BUNDLE_LOADER = "$(BUILT_PRODUCTS_DIR)/quave_tutorial_1.app/quave_tutorial_1";
				FRAMEWORK_SEARCH_PATHS = (
					"$(SDKROOT)/Developer/Library/Frameworks",
					"$(inherited)",
				);
				INFOPLIST_FILE = quave_tutorial_1Tests/Info.plist;
				LD_RUNPATH_SEARCH_PATHS = "$(inherited) @executable_path/Frameworks @loader_path/Frameworks";
				METAL_ENABLE_DEBUG_INFO = NO;
				PRODUCT_NAME = "$(TARGET_NAME)";
				TEST_HOST = "$(BUNDLE_LOADER)";
			};
			name = Release;
		};
/* End XCBuildConfiguration section */

/* Begin XCConfigurationList section */
		D09DDDC81961056300DCCD44 /* Build configuration list for PBXProject "quave_tutorial_1" */ = {
			isa = XCConfigurationList;
			buildConfigurations = (
				D09DDDE71961056400DCCD44 /* Debug */,
				D09DDDE81961056400DCCD44 /* Release */,
			);
			defaultConfigurationIsVisible = 0;
			defaultConfigurationName = Release;
		};
		D09DDDE91961056400DCCD44 /* Build configuration list for PBXNativeTarget "quave_tutorial_1" */ = {
			isa = XCConfigurationList;
			buildConfigurations = (
				D09DDDEA1961056400DCCD44 /* Debug */,
				D09DDDEB1961056400DCCD44 /* Release */,
			);
			defaultConfigurationIsVisible = 0;
		};
		D09DDDEC1961056400DCCD44 /* Build configuration list for PBXNativeTarget "quave_tutorial_1Tests" */ = {
			isa = XCConfigurationList;
			buildConfigurations = (
				D09DDDED1961056400DCCD44 /* Debug */,
				D09DDDEE1961056400DCCD44 /* Release */,
			);
			defaultConfigurationIsVisible = 0;
		};
/* End XCConfigurationList section */
	};
	rootObject = D09DDDC51961056300DCCD44 /* Project object */;
}
