// !$*UTF8*$!
{
	archiveVersion = 1;
	classes = {
	};
	objectVersion = 46;
	objects = {

/* Begin PBXBuildFile section */
		D0ADB75819906C5200324828 /* AppDelegate.swift in Sources */ = {isa = PBXBuildFile; fileRef = D0ADB75719906C5200324828 /* AppDelegate.swift */; };
		D0ADB75A19906C5200324828 /* ViewController.swift in Sources */ = {isa = PBXBuildFile; fileRef = D0ADB75919906C5200324828 /* ViewController.swift */; };
		D0ADB75D19906C5200324828 /* Main.storyboard in Resources */ = {isa = PBXBuildFile; fileRef = D0ADB75B19906C5200324828 /* Main.storyboard */; };
		D0ADB75F19906C5200324828 /* Images.xcassets in Resources */ = {isa = PBXBuildFile; fileRef = D0ADB75E19906C5200324828 /* Images.xcassets */; };
		D0ADB76B19906C5200324828 /* mortgagehw2Tests.swift in Sources */ = {isa = PBXBuildFile; fileRef = D0ADB76A19906C5200324828 /* mortgagehw2Tests.swift */; };
/* End PBXBuildFile section */

/* Begin PBXContainerItemProxy section */
		D0ADB76519906C5200324828 /* PBXContainerItemProxy */ = {
			isa = PBXContainerItemProxy;
			containerPortal = D0ADB74A19906C5200324828 /* Project object */;
			proxyType = 1;
			remoteGlobalIDString = D0ADB75119906C5200324828;
			remoteInfo = mortgagehw2;
		};
/* End PBXContainerItemProxy section */

/* Begin PBXFileReference section */
		D0ADB75219906C5200324828 /* mortgagehw2.app */ = {isa = PBXFileReference; explicitFileType = wrapper.application; includeInIndex = 0; path = mortgagehw2.app; sourceTree = BUILT_PRODUCTS_DIR; };
		D0ADB75619906C5200324828 /* Info.plist */ = {isa = PBXFileReference; lastKnownFileType = text.plist.xml; path = Info.plist; sourceTree = "<group>"; };
		D0ADB75719906C5200324828 /* AppDelegate.swift */ = {isa = PBXFileReference; lastKnownFileType = sourcecode.swift; path = AppDelegate.swift; sourceTree = "<group>"; };
		D0ADB75919906C5200324828 /* ViewController.swift */ = {isa = PBXFileReference; lastKnownFileType = sourcecode.swift; path = ViewController.swift; sourceTree = "<group>"; };
		D0ADB75C19906C5200324828 /* Base */ = {isa = PBXFileReference; lastKnownFileType = file.storyboard; name = Base; path = Base.lproj/Main.storyboard; sourceTree = "<group>"; };
		D0ADB75E19906C5200324828 /* Images.xcassets */ = {isa = PBXFileReference; lastKnownFileType = folder.assetcatalog; path = Images.xcassets; sourceTree = "<group>"; };
		D0ADB76419906C5200324828 /* mortgagehw2Tests.xctest */ = {isa = PBXFileReference; explicitFileType = wrapper.cfbundle; includeInIndex = 0; path = mortgagehw2Tests.xctest; sourceTree = BUILT_PRODUCTS_DIR; };
		D0ADB76919906C5200324828 /* Info.plist */ = {isa = PBXFileReference; lastKnownFileType = text.plist.xml; path = Info.plist; sourceTree = "<group>"; };
		D0ADB76A19906C5200324828 /* mortgagehw2Tests.swift */ = {isa = PBXFileReference; lastKnownFileType = sourcecode.swift; path = mortgagehw2Tests.swift; sourceTree = "<group>"; };
/* End PBXFileReference section */

/* Begin PBXFrameworksBuildPhase section */
		D0ADB74F19906C5200324828 /* Frameworks */ = {
			isa = PBXFrameworksBuildPhase;
			buildActionMask = 2147483647;
			files = (
			);
			runOnlyForDeploymentPostprocessing = 0;
		};
		D0ADB76119906C5200324828 /* Frameworks */ = {
			isa = PBXFrameworksBuildPhase;
			buildActionMask = 2147483647;
			files = (
			);
			runOnlyForDeploymentPostprocessing = 0;
		};
/* End PBXFrameworksBuildPhase section */

/* Begin PBXGroup section */
		D0ADB74919906C5200324828 = {
			isa = PBXGroup;
			children = (
				D0ADB75419906C5200324828 /* mortgagehw2 */,
				D0ADB76719906C5200324828 /* mortgagehw2Tests */,
				D0ADB75319906C5200324828 /* Products */,
			);
			sourceTree = "<group>";
		};
		D0ADB75319906C5200324828 /* Products */ = {
			isa = PBXGroup;
			children = (
				D0ADB75219906C5200324828 /* mortgagehw2.app */,
				D0ADB76419906C5200324828 /* mortgagehw2Tests.xctest */,
			);
			name = Products;
			sourceTree = "<group>";
		};
		D0ADB75419906C5200324828 /* mortgagehw2 */ = {
			isa = PBXGroup;
			children = (
				D0ADB75719906C5200324828 /* AppDelegate.swift */,
				D0ADB75919906C5200324828 /* ViewController.swift */,
				D0ADB75B19906C5200324828 /* Main.storyboard */,
				D0ADB75E19906C5200324828 /* Images.xcassets */,
				D0ADB75519906C5200324828 /* Supporting Files */,
			);
			path = mortgagehw2;
			sourceTree = "<group>";
		};
		D0ADB75519906C5200324828 /* Supporting Files */ = {
			isa = PBXGroup;
			children = (
				D0ADB75619906C5200324828 /* Info.plist */,
			);
			name = "Supporting Files";
			sourceTree = "<group>";
		};
		D0ADB76719906C5200324828 /* mortgagehw2Tests */ = {
			isa = PBXGroup;
			children = (
				D0ADB76A19906C5200324828 /* mortgagehw2Tests.swift */,
				D0ADB76819906C5200324828 /* Supporting Files */,
			);
			path = mortgagehw2Tests;
			sourceTree = "<group>";
		};
		D0ADB76819906C5200324828 /* Supporting Files */ = {
			isa = PBXGroup;
			children = (
				D0ADB76919906C5200324828 /* Info.plist */,
			);
			name = "Supporting Files";
			sourceTree = "<group>";
		};
/* End PBXGroup section */

/* Begin PBXNativeTarget section */
		D0ADB75119906C5200324828 /* mortgagehw2 */ = {
			isa = PBXNativeTarget;
			buildConfigurationList = D0ADB76E19906C5200324828 /* Build configuration list for PBXNativeTarget "mortgagehw2" */;
			buildPhases = (
				D0ADB74E19906C5200324828 /* Sources */,
				D0ADB74F19906C5200324828 /* Frameworks */,
				D0ADB75019906C5200324828 /* Resources */,
			);
			buildRules = (
			);
			dependencies = (
			);
			name = mortgagehw2;
			productName = mortgagehw2;
			productReference = D0ADB75219906C5200324828 /* mortgagehw2.app */;
			productType = "com.apple.product-type.application";
		};
		D0ADB76319906C5200324828 /* mortgagehw2Tests */ = {
			isa = PBXNativeTarget;
			buildConfigurationList = D0ADB77119906C5200324828 /* Build configuration list for PBXNativeTarget "mortgagehw2Tests" */;
			buildPhases = (
				D0ADB76019906C5200324828 /* Sources */,
				D0ADB76119906C5200324828 /* Frameworks */,
				D0ADB76219906C5200324828 /* Resources */,
			);
			buildRules = (
			);
			dependencies = (
				D0ADB76619906C5200324828 /* PBXTargetDependency */,
			);
			name = mortgagehw2Tests;
			productName = mortgagehw2Tests;
			productReference = D0ADB76419906C5200324828 /* mortgagehw2Tests.xctest */;
			productType = "com.apple.product-type.bundle.unit-test";
		};
/* End PBXNativeTarget section */

/* Begin PBXProject section */
		D0ADB74A19906C5200324828 /* Project object */ = {
			isa = PBXProject;
			attributes = {
				LastUpgradeCheck = 0600;
				ORGANIZATIONNAME = "Harshpreet Singh";
				TargetAttributes = {
					D0ADB75119906C5200324828 = {
						CreatedOnToolsVersion = 6.0;
					};
					D0ADB76319906C5200324828 = {
						CreatedOnToolsVersion = 6.0;
						TestTargetID = D0ADB75119906C5200324828;
					};
				};
			};
			buildConfigurationList = D0ADB74D19906C5200324828 /* Build configuration list for PBXProject "mortgagehw2" */;
			compatibilityVersion = "Xcode 3.2";
			developmentRegion = English;
			hasScannedForEncodings = 0;
			knownRegions = (
				en,
				Base,
			);
			mainGroup = D0ADB74919906C5200324828;
			productRefGroup = D0ADB75319906C5200324828 /* Products */;
			projectDirPath = "";
			projectRoot = "";
			targets = (
				D0ADB75119906C5200324828 /* mortgagehw2 */,
				D0ADB76319906C5200324828 /* mortgagehw2Tests */,
			);
		};
/* End PBXProject section */

/* Begin PBXResourcesBuildPhase section */
		D0ADB75019906C5200324828 /* Resources */ = {
			isa = PBXResourcesBuildPhase;
			buildActionMask = 2147483647;
			files = (
				D0ADB75D19906C5200324828 /* Main.storyboard in Resources */,
				D0ADB75F19906C5200324828 /* Images.xcassets in Resources */,
			);
			runOnlyForDeploymentPostprocessing = 0;
		};
		D0ADB76219906C5200324828 /* Resources */ = {
			isa = PBXResourcesBuildPhase;
			buildActionMask = 2147483647;
			files = (
			);
			runOnlyForDeploymentPostprocessing = 0;
		};
/* End PBXResourcesBuildPhase section */

/* Begin PBXSourcesBuildPhase section */
		D0ADB74E19906C5200324828 /* Sources */ = {
			isa = PBXSourcesBuildPhase;
			buildActionMask = 2147483647;
			files = (
				D0ADB75A19906C5200324828 /* ViewController.swift in Sources */,
				D0ADB75819906C5200324828 /* AppDelegate.swift in Sources */,
			);
			runOnlyForDeploymentPostprocessing = 0;
		};
		D0ADB76019906C5200324828 /* Sources */ = {
			isa = PBXSourcesBuildPhase;
			buildActionMask = 2147483647;
			files = (
				D0ADB76B19906C5200324828 /* mortgagehw2Tests.swift in Sources */,
			);
			runOnlyForDeploymentPostprocessing = 0;
		};
/* End PBXSourcesBuildPhase section */

/* Begin PBXTargetDependency section */
		D0ADB76619906C5200324828 /* PBXTargetDependency */ = {
			isa = PBXTargetDependency;
			target = D0ADB75119906C5200324828 /* mortgagehw2 */;
			targetProxy = D0ADB76519906C5200324828 /* PBXContainerItemProxy */;
		};
/* End PBXTargetDependency section */

/* Begin PBXVariantGroup section */
		D0ADB75B19906C5200324828 /* Main.storyboard */ = {
			isa = PBXVariantGroup;
			children = (
				D0ADB75C19906C5200324828 /* Base */,
			);
			name = Main.storyboard;
			sourceTree = "<group>";
		};
/* End PBXVariantGroup section */

/* Begin XCBuildConfiguration section */
		D0ADB76C19906C5200324828 /* Debug */ = {
			isa = XCBuildConfiguration;
			buildSettings = {
				ALWAYS_SEARCH_USER_PATHS = NO;
				CLANG_CXX_LANGUAGE_STANDARD = "gnu++0x";
				CLANG_CXX_LIBRARY = "libc++";
				CLANG_ENABLE_MODULES = YES;
				CLANG_ENABLE_OBJC_ARC = YES;
				CLANG_WARN_BOOL_CONVERSION = YES;
				CLANG_WARN_CONSTANT_CONVERSION = YES;
				CLANG_WARN_DIRECT_OBJC_ISA_USAGE = YES_ERROR;
				CLANG_WARN_EMPTY_BODY = YES;
				CLANG_WARN_ENUM_CONVERSION = YES;
				CLANG_WARN_INT_CONVERSION = YES;
				CLANG_WARN_OBJC_ROOT_CLASS = YES_ERROR;
				CLANG_WARN_UNREACHABLE_CODE = YES;
				CLANG_WARN__DUPLICATE_METHOD_MATCH = YES;
				"CODE_SIGN_IDENTITY[sdk=iphoneos*]" = "iPhone Developer";
				COPY_PHASE_STRIP = NO;
				ENABLE_STRICT_OBJC_MSGSEND = YES;
				GCC_C_LANGUAGE_STANDARD = gnu99;
				GCC_DYNAMIC_NO_PIC = NO;
				GCC_OPTIMIZATION_LEVEL = 0;
				GCC_PREPROCESSOR_DEFINITIONS = (
					"DEBUG=1",
					"$(inherited)",
				);
				GCC_SYMBOLS_PRIVATE_EXTERN = NO;
				GCC_WARN_64_TO_32_BIT_CONVERSION = YES;
				GCC_WARN_ABOUT_RETURN_TYPE = YES_ERROR;
				GCC_WARN_UNDECLARED_SELECTOR = YES;
				GCC_WARN_UNINITIALIZED_AUTOS = YES_AGGRESSIVE;
				GCC_WARN_UNUSED_FUNCTION = YES;
				GCC_WARN_UNUSED_VARIABLE = YES;
				IPHONEOS_DEPLOYMENT_TARGET = 8.0;
				MTL_ENABLE_DEBUG_INFO = YES;
				ONLY_ACTIVE_ARCH = YES;
				SDKROOT = iphoneos;
				SWIFT_OPTIMIZATION_LEVEL = "-Onone";
			};
			name = Debug;
		};
		D0ADB76D19906C5200324828 /* Release */ = {
			isa = XCBuildConfiguration;
			buildSettings = {
				ALWAYS_SEARCH_USER_PATHS = NO;
				CLANG_CXX_LANGUAGE_STANDARD = "gnu++0x";
				CLANG_CXX_LIBRARY = "libc++";
				CLANG_ENABLE_MODULES = YES;
				CLANG_ENABLE_OBJC_ARC = YES;
				CLANG_WARN_BOOL_CONVERSION = YES;
				CLANG_WARN_CONSTANT_CONVERSION = YES;
				CLANG_WARN_DIRECT_OBJC_ISA_USAGE = YES_ERROR;
				CLANG_WARN_EMPTY_BODY = YES;
				CLANG_WARN_ENUM_CONVERSION = YES;
				CLANG_WARN_INT_CONVERSION = YES;
				CLANG_WARN_OBJC_ROOT_CLASS = YES_ERROR;
				CLANG_WARN_UNREACHABLE_CODE = YES;
				CLANG_WARN__DUPLICATE_METHOD_MATCH = YES;
				"CODE_SIGN_IDENTITY[sdk=iphoneos*]" = "iPhone Developer";
				COPY_PHASE_STRIP = YES;
				ENABLE_NS_ASSERTIONS = NO;
				ENABLE_STRICT_OBJC_MSGSEND = YES;
				GCC_C_LANGUAGE_STANDARD = gnu99;
				GCC_WARN_64_TO_32_BIT_CONVERSION = YES;
				GCC_WARN_ABOUT_RETURN_TYPE = YES_ERROR;
				GCC_WARN_UNDECLARED_SELECTOR = YES;
				GCC_WARN_UNINITIALIZED_AUTOS = YES_AGGRESSIVE;
				GCC_WARN_UNUSED_FUNCTION = YES;
				GCC_WARN_UNUSED_VARIABLE = YES;
				IPHONEOS_DEPLOYMENT_TARGET = 8.0;
				MTL_ENABLE_DEBUG_INFO = NO;
				SDKROOT = iphoneos;
				VALIDATE_PRODUCT = YES;
			};
			name = Release;
		};
		D0ADB76F19906C5200324828 /* Debug */ = {
			isa = XCBuildConfiguration;
			buildSettings = {
				ASSETCATALOG_COMPILER_APPICON_NAME = AppIcon;
				ASSETCATALOG_COMPILER_LAUNCHIMAGE_NAME = LaunchImage;
				INFOPLIST_FILE = mortgagehw2/Info.plist;
				LD_RUNPATH_SEARCH_PATHS = "$(inherited) @executable_path/Frameworks";
				PRODUCT_NAME = "$(TARGET_NAME)";
			};
			name = Debug;
		};
		D0ADB77019906C5200324828 /* Release */ = {
			isa = XCBuildConfiguration;
			buildSettings = {
				ASSETCATALOG_COMPILER_APPICON_NAME = AppIcon;
				ASSETCATALOG_COMPILER_LAUNCHIMAGE_NAME = LaunchImage;
				INFOPLIST_FILE = mortgagehw2/Info.plist;
				LD_RUNPATH_SEARCH_PATHS = "$(inherited) @executable_path/Frameworks";
				PRODUCT_NAME = "$(TARGET_NAME)";
			};
			name = Release;
		};
		D0ADB77219906C5200324828 /* Debug */ = {
			isa = XCBuildConfiguration;
			buildSettings = {
				BUNDLE_LOADER = "$(TEST_HOST)";
				FRAMEWORK_SEARCH_PATHS = (
					"$(SDKROOT)/Developer/Library/Frameworks",
					"$(inherited)",
				);
				GCC_PREPROCESSOR_DEFINITIONS = (
					"DEBUG=1",
					"$(inherited)",
				);
				INFOPLIST_FILE = mortgagehw2Tests/Info.plist;
				LD_RUNPATH_SEARCH_PATHS = "$(inherited) @executable_path/Frameworks @loader_path/Frameworks";
				PRODUCT_NAME = "$(TARGET_NAME)";
				TEST_HOST = "$(BUILT_PRODUCTS_DIR)/mortgagehw2.app/mortgagehw2";
			};
			name = Debug;
		};
		D0ADB77319906C5200324828 /* Release */ = {
			isa = XCBuildConfiguration;
			buildSettings = {
				BUNDLE_LOADER = "$(TEST_HOST)";
				FRAMEWORK_SEARCH_PATHS = (
					"$(SDKROOT)/Developer/Library/Frameworks",
					"$(inherited)",
				);
				INFOPLIST_FILE = mortgagehw2Tests/Info.plist;
				LD_RUNPATH_SEARCH_PATHS = "$(inherited) @executable_path/Frameworks @loader_path/Frameworks";
				PRODUCT_NAME = "$(TARGET_NAME)";
				TEST_HOST = "$(BUILT_PRODUCTS_DIR)/mortgagehw2.app/mortgagehw2";
			};
			name = Release;
		};
/* End XCBuildConfiguration section */

/* Begin XCConfigurationList section */
		D0ADB74D19906C5200324828 /* Build configuration list for PBXProject "mortgagehw2" */ = {
			isa = XCConfigurationList;
			buildConfigurations = (
				D0ADB76C19906C5200324828 /* Debug */,
				D0ADB76D19906C5200324828 /* Release */,
			);
			defaultConfigurationIsVisible = 0;
			defaultConfigurationName = Release;
		};
		D0ADB76E19906C5200324828 /* Build configuration list for PBXNativeTarget "mortgagehw2" */ = {
			isa = XCConfigurationList;
			buildConfigurations = (
				D0ADB76F19906C5200324828 /* Debug */,
				D0ADB77019906C5200324828 /* Release */,
			);
			defaultConfigurationIsVisible = 0;
		};
		D0ADB77119906C5200324828 /* Build configuration list for PBXNativeTarget "mortgagehw2Tests" */ = {
			isa = XCConfigurationList;
			buildConfigurations = (
				D0ADB77219906C5200324828 /* Debug */,
				D0ADB77319906C5200324828 /* Release */,
			);
			defaultConfigurationIsVisible = 0;
		};
/* End XCConfigurationList section */
	};
	rootObject = D0ADB74A19906C5200324828 /* Project object */;
}
