// !$*UTF8*$!
{
	archiveVersion = 1;
	classes = {
	};
	objectVersion = 46;
	objects = {

/* Begin PBXBuildFile section */
		D0292F631953EC7F00919EC9 /* AppDelegate.swift in Sources */ = {isa = PBXBuildFile; fileRef = D0292F621953EC7F00919EC9 /* AppDelegate.swift */; };
		D0292F651953EC7F00919EC9 /* ViewController.swift in Sources */ = {isa = PBXBuildFile; fileRef = D0292F641953EC7F00919EC9 /* ViewController.swift */; };
		D0292F681953EC7F00919EC9 /* Main.storyboard in Resources */ = {isa = PBXBuildFile; fileRef = D0292F661953EC7F00919EC9 /* Main.storyboard */; };
		D0292F6A1953EC7F00919EC9 /* Images.xcassets in Resources */ = {isa = PBXBuildFile; fileRef = D0292F691953EC7F00919EC9 /* Images.xcassets */; };
		D0292F761953EC7F00919EC9 /* MyFirstAppTests.swift in Sources */ = {isa = PBXBuildFile; fileRef = D0292F751953EC7F00919EC9 /* MyFirstAppTests.swift */; };
/* End PBXBuildFile section */

/* Begin PBXContainerItemProxy section */
		D0292F701953EC7F00919EC9 /* PBXContainerItemProxy */ = {
			isa = PBXContainerItemProxy;
			containerPortal = D0292F551953EC7F00919EC9 /* Project object */;
			proxyType = 1;
			remoteGlobalIDString = D0292F5C1953EC7F00919EC9;
			remoteInfo = MyFirstApp;
		};
/* End PBXContainerItemProxy section */

/* Begin PBXFileReference section */
		D0292F5D1953EC7F00919EC9 /* MyFirstApp.app */ = {isa = PBXFileReference; explicitFileType = wrapper.application; includeInIndex = 0; path = MyFirstApp.app; sourceTree = BUILT_PRODUCTS_DIR; };
		D0292F611953EC7F00919EC9 /* Info.plist */ = {isa = PBXFileReference; lastKnownFileType = text.plist.xml; path = Info.plist; sourceTree = "<group>"; };
		D0292F621953EC7F00919EC9 /* AppDelegate.swift */ = {isa = PBXFileReference; lastKnownFileType = sourcecode.swift; path = AppDelegate.swift; sourceTree = "<group>"; };
		D0292F641953EC7F00919EC9 /* ViewController.swift */ = {isa = PBXFileReference; lastKnownFileType = sourcecode.swift; path = ViewController.swift; sourceTree = "<group>"; };
		D0292F671953EC7F00919EC9 /* Base */ = {isa = PBXFileReference; lastKnownFileType = file.storyboard; name = Base; path = Base.lproj/Main.storyboard; sourceTree = "<group>"; };
		D0292F691953EC7F00919EC9 /* Images.xcassets */ = {isa = PBXFileReference; lastKnownFileType = folder.assetcatalog; path = Images.xcassets; sourceTree = "<group>"; };
		D0292F6F1953EC7F00919EC9 /* MyFirstAppTests.xctest */ = {isa = PBXFileReference; explicitFileType = wrapper.cfbundle; includeInIndex = 0; path = MyFirstAppTests.xctest; sourceTree = BUILT_PRODUCTS_DIR; };
		D0292F741953EC7F00919EC9 /* Info.plist */ = {isa = PBXFileReference; lastKnownFileType = text.plist.xml; path = Info.plist; sourceTree = "<group>"; };
		D0292F751953EC7F00919EC9 /* MyFirstAppTests.swift */ = {isa = PBXFileReference; lastKnownFileType = sourcecode.swift; path = MyFirstAppTests.swift; sourceTree = "<group>"; };
/* End PBXFileReference section */

/* Begin PBXFrameworksBuildPhase section */
		D0292F5A1953EC7F00919EC9 /* Frameworks */ = {
			isa = PBXFrameworksBuildPhase;
			buildActionMask = 2147483647;
			files = (
			);
			runOnlyForDeploymentPostprocessing = 0;
		};
		D0292F6C1953EC7F00919EC9 /* Frameworks */ = {
			isa = PBXFrameworksBuildPhase;
			buildActionMask = 2147483647;
			files = (
			);
			runOnlyForDeploymentPostprocessing = 0;
		};
/* End PBXFrameworksBuildPhase section */

/* Begin PBXGroup section */
		D0292F541953EC7F00919EC9 = {
			isa = PBXGroup;
			children = (
				D0292F5F1953EC7F00919EC9 /* MyFirstApp */,
				D0292F721953EC7F00919EC9 /* MyFirstAppTests */,
				D0292F5E1953EC7F00919EC9 /* Products */,
			);
			sourceTree = "<group>";
		};
		D0292F5E1953EC7F00919EC9 /* Products */ = {
			isa = PBXGroup;
			children = (
				D0292F5D1953EC7F00919EC9 /* MyFirstApp.app */,
				D0292F6F1953EC7F00919EC9 /* MyFirstAppTests.xctest */,
			);
			name = Products;
			sourceTree = "<group>";
		};
		D0292F5F1953EC7F00919EC9 /* MyFirstApp */ = {
			isa = PBXGroup;
			children = (
				D0292F621953EC7F00919EC9 /* AppDelegate.swift */,
				D0292F641953EC7F00919EC9 /* ViewController.swift */,
				D0292F661953EC7F00919EC9 /* Main.storyboard */,
				D0292F691953EC7F00919EC9 /* Images.xcassets */,
				D0292F601953EC7F00919EC9 /* Supporting Files */,
			);
			path = MyFirstApp;
			sourceTree = "<group>";
		};
		D0292F601953EC7F00919EC9 /* Supporting Files */ = {
			isa = PBXGroup;
			children = (
				D0292F611953EC7F00919EC9 /* Info.plist */,
			);
			name = "Supporting Files";
			sourceTree = "<group>";
		};
		D0292F721953EC7F00919EC9 /* MyFirstAppTests */ = {
			isa = PBXGroup;
			children = (
				D0292F751953EC7F00919EC9 /* MyFirstAppTests.swift */,
				D0292F731953EC7F00919EC9 /* Supporting Files */,
			);
			path = MyFirstAppTests;
			sourceTree = "<group>";
		};
		D0292F731953EC7F00919EC9 /* Supporting Files */ = {
			isa = PBXGroup;
			children = (
				D0292F741953EC7F00919EC9 /* Info.plist */,
			);
			name = "Supporting Files";
			sourceTree = "<group>";
		};
/* End PBXGroup section */

/* Begin PBXNativeTarget section */
		D0292F5C1953EC7F00919EC9 /* MyFirstApp */ = {
			isa = PBXNativeTarget;
			buildConfigurationList = D0292F791953EC7F00919EC9 /* Build configuration list for PBXNativeTarget "MyFirstApp" */;
			buildPhases = (
				D0292F591953EC7F00919EC9 /* Sources */,
				D0292F5A1953EC7F00919EC9 /* Frameworks */,
				D0292F5B1953EC7F00919EC9 /* Resources */,
			);
			buildRules = (
			);
			dependencies = (
			);
			name = MyFirstApp;
			productName = MyFirstApp;
			productReference = D0292F5D1953EC7F00919EC9 /* MyFirstApp.app */;
			productType = "com.apple.product-type.application";
		};
		D0292F6E1953EC7F00919EC9 /* MyFirstAppTests */ = {
			isa = PBXNativeTarget;
			buildConfigurationList = D0292F7C1953EC7F00919EC9 /* Build configuration list for PBXNativeTarget "MyFirstAppTests" */;
			buildPhases = (
				D0292F6B1953EC7F00919EC9 /* Sources */,
				D0292F6C1953EC7F00919EC9 /* Frameworks */,
				D0292F6D1953EC7F00919EC9 /* Resources */,
			);
			buildRules = (
			);
			dependencies = (
				D0292F711953EC7F00919EC9 /* PBXTargetDependency */,
			);
			name = MyFirstAppTests;
			productName = MyFirstAppTests;
			productReference = D0292F6F1953EC7F00919EC9 /* MyFirstAppTests.xctest */;
			productType = "com.apple.product-type.bundle.unit-test";
		};
/* End PBXNativeTarget section */

/* Begin PBXProject section */
		D0292F551953EC7F00919EC9 /* Project object */ = {
			isa = PBXProject;
			attributes = {
				LastUpgradeCheck = 0600;
				ORGANIZATIONNAME = "Harshpreet Singh";
				TargetAttributes = {
					D0292F5C1953EC7F00919EC9 = {
						CreatedOnToolsVersion = 6.0;
					};
					D0292F6E1953EC7F00919EC9 = {
						CreatedOnToolsVersion = 6.0;
						TestTargetID = D0292F5C1953EC7F00919EC9;
					};
				};
			};
			buildConfigurationList = D0292F581953EC7F00919EC9 /* Build configuration list for PBXProject "MyFirstApp" */;
			compatibilityVersion = "Xcode 3.2";
			developmentRegion = English;
			hasScannedForEncodings = 0;
			knownRegions = (
				en,
				Base,
			);
			mainGroup = D0292F541953EC7F00919EC9;
			productRefGroup = D0292F5E1953EC7F00919EC9 /* Products */;
			projectDirPath = "";
			projectRoot = "";
			targets = (
				D0292F5C1953EC7F00919EC9 /* MyFirstApp */,
				D0292F6E1953EC7F00919EC9 /* MyFirstAppTests */,
			);
		};
/* End PBXProject section */

/* Begin PBXResourcesBuildPhase section */
		D0292F5B1953EC7F00919EC9 /* Resources */ = {
			isa = PBXResourcesBuildPhase;
			buildActionMask = 2147483647;
			files = (
				D0292F681953EC7F00919EC9 /* Main.storyboard in Resources */,
				D0292F6A1953EC7F00919EC9 /* Images.xcassets in Resources */,
			);
			runOnlyForDeploymentPostprocessing = 0;
		};
		D0292F6D1953EC7F00919EC9 /* Resources */ = {
			isa = PBXResourcesBuildPhase;
			buildActionMask = 2147483647;
			files = (
			);
			runOnlyForDeploymentPostprocessing = 0;
		};
/* End PBXResourcesBuildPhase section */

/* Begin PBXSourcesBuildPhase section */
		D0292F591953EC7F00919EC9 /* Sources */ = {
			isa = PBXSourcesBuildPhase;
			buildActionMask = 2147483647;
			files = (
				D0292F651953EC7F00919EC9 /* ViewController.swift in Sources */,
				D0292F631953EC7F00919EC9 /* AppDelegate.swift in Sources */,
			);
			runOnlyForDeploymentPostprocessing = 0;
		};
		D0292F6B1953EC7F00919EC9 /* Sources */ = {
			isa = PBXSourcesBuildPhase;
			buildActionMask = 2147483647;
			files = (
				D0292F761953EC7F00919EC9 /* MyFirstAppTests.swift in Sources */,
			);
			runOnlyForDeploymentPostprocessing = 0;
		};
/* End PBXSourcesBuildPhase section */

/* Begin PBXTargetDependency section */
		D0292F711953EC7F00919EC9 /* PBXTargetDependency */ = {
			isa = PBXTargetDependency;
			target = D0292F5C1953EC7F00919EC9 /* MyFirstApp */;
			targetProxy = D0292F701953EC7F00919EC9 /* PBXContainerItemProxy */;
		};
/* End PBXTargetDependency section */

/* Begin PBXVariantGroup section */
		D0292F661953EC7F00919EC9 /* Main.storyboard */ = {
			isa = PBXVariantGroup;
			children = (
				D0292F671953EC7F00919EC9 /* Base */,
			);
			name = Main.storyboard;
			sourceTree = "<group>";
		};
/* End PBXVariantGroup section */

/* Begin XCBuildConfiguration section */
		D0292F771953EC7F00919EC9 /* Debug */ = {
			isa = XCBuildConfiguration;
			buildSettings = {
				ALWAYS_SEARCH_USER_PATHS = NO;
				CLANG_CXX_LANGUAGE_STANDARD = "gnu++0x";
				CLANG_CXX_LIBRARY = "libc++";
				CLANG_ENABLE_MODULES = YES;
				CLANG_ENABLE_OBJC_ARC = YES;
				CLANG_WARN_BOOL_CONVERSION = YES;
				CLANG_WARN_CONSTANT_CONVERSION = YES;
				CLANG_WARN_DIRECT_OBJC_ISA_USAGE = YES_ERROR;
				CLANG_WARN_EMPTY_BODY = YES;
				CLANG_WARN_ENUM_CONVERSION = YES;
				CLANG_WARN_INT_CONVERSION = YES;
				CLANG_WARN_OBJC_ROOT_CLASS = YES_ERROR;
				CLANG_WARN_UNREACHABLE_CODE = YES;
				CLANG_WARN__DUPLICATE_METHOD_MATCH = YES;
				"CODE_SIGN_IDENTITY[sdk=iphoneos*]" = "iPhone Developer";
				COPY_PHASE_STRIP = NO;
				ENABLE_STRICT_OBJC_MSGSEND = YES;
				GCC_C_LANGUAGE_STANDARD = gnu99;
				GCC_DYNAMIC_NO_PIC = NO;
				GCC_OPTIMIZATION_LEVEL = 0;
				GCC_PREPROCESSOR_DEFINITIONS = (
					"DEBUG=1",
					"$(inherited)",
				);
				GCC_SYMBOLS_PRIVATE_EXTERN = NO;
				GCC_WARN_64_TO_32_BIT_CONVERSION = YES;
				GCC_WARN_ABOUT_RETURN_TYPE = YES_ERROR;
				GCC_WARN_UNDECLARED_SELECTOR = YES;
				GCC_WARN_UNINITIALIZED_AUTOS = YES_AGGRESSIVE;
				GCC_WARN_UNUSED_FUNCTION = YES;
				GCC_WARN_UNUSED_VARIABLE = YES;
				IPHONEOS_DEPLOYMENT_TARGET = 8.0;
				METAL_ENABLE_DEBUG_INFO = YES;
				ONLY_ACTIVE_ARCH = YES;
				SDKROOT = iphoneos;
				SWIFT_OPTIMIZATION_LEVEL = "-Onone";
			};
			name = Debug;
		};
		D0292F781953EC7F00919EC9 /* Release */ = {
			isa = XCBuildConfiguration;
			buildSettings = {
				ALWAYS_SEARCH_USER_PATHS = NO;
				CLANG_CXX_LANGUAGE_STANDARD = "gnu++0x";
				CLANG_CXX_LIBRARY = "libc++";
				CLANG_ENABLE_MODULES = YES;
				CLANG_ENABLE_OBJC_ARC = YES;
				CLANG_WARN_BOOL_CONVERSION = YES;
				CLANG_WARN_CONSTANT_CONVERSION = YES;
				CLANG_WARN_DIRECT_OBJC_ISA_USAGE = YES_ERROR;
				CLANG_WARN_EMPTY_BODY = YES;
				CLANG_WARN_ENUM_CONVERSION = YES;
				CLANG_WARN_INT_CONVERSION = YES;
				CLANG_WARN_OBJC_ROOT_CLASS = YES_ERROR;
				CLANG_WARN_UNREACHABLE_CODE = YES;
				CLANG_WARN__DUPLICATE_METHOD_MATCH = YES;
				"CODE_SIGN_IDENTITY[sdk=iphoneos*]" = "iPhone Developer";
				COPY_PHASE_STRIP = YES;
				ENABLE_NS_ASSERTIONS = NO;
				ENABLE_STRICT_OBJC_MSGSEND = YES;
				GCC_C_LANGUAGE_STANDARD = gnu99;
				GCC_WARN_64_TO_32_BIT_CONVERSION = YES;
				GCC_WARN_ABOUT_RETURN_TYPE = YES_ERROR;
				GCC_WARN_UNDECLARED_SELECTOR = YES;
				GCC_WARN_UNINITIALIZED_AUTOS = YES_AGGRESSIVE;
				GCC_WARN_UNUSED_FUNCTION = YES;
				GCC_WARN_UNUSED_VARIABLE = YES;
				IPHONEOS_DEPLOYMENT_TARGET = 8.0;
				METAL_ENABLE_DEBUG_INFO = NO;
				SDKROOT = iphoneos;
				VALIDATE_PRODUCT = YES;
			};
			name = Release;
		};
		D0292F7A1953EC7F00919EC9 /* Debug */ = {
			isa = XCBuildConfiguration;
			buildSettings = {
				ASSETCATALOG_COMPILER_APPICON_NAME = AppIcon;
				ASSETCATALOG_COMPILER_LAUNCHIMAGE_NAME = LaunchImage;
				INFOPLIST_FILE = MyFirstApp/Info.plist;
				LD_RUNPATH_SEARCH_PATHS = "$(inherited) @executable_path/Frameworks";
				PRODUCT_NAME = "$(TARGET_NAME)";
			};
			name = Debug;
		};
		D0292F7B1953EC7F00919EC9 /* Release */ = {
			isa = XCBuildConfiguration;
			buildSettings = {
				ASSETCATALOG_COMPILER_APPICON_NAME = AppIcon;
				ASSETCATALOG_COMPILER_LAUNCHIMAGE_NAME = LaunchImage;
				INFOPLIST_FILE = MyFirstApp/Info.plist;
				LD_RUNPATH_SEARCH_PATHS = "$(inherited) @executable_path/Frameworks";
				PRODUCT_NAME = "$(TARGET_NAME)";
			};
			name = Release;
		};
		D0292F7D1953EC7F00919EC9 /* Debug */ = {
			isa = XCBuildConfiguration;
			buildSettings = {
				BUNDLE_LOADER = "$(BUILT_PRODUCTS_DIR)/MyFirstApp.app/MyFirstApp";
				FRAMEWORK_SEARCH_PATHS = (
					"$(SDKROOT)/Developer/Library/Frameworks",
					"$(inherited)",
				);
				GCC_PREPROCESSOR_DEFINITIONS = (
					"DEBUG=1",
					"$(inherited)",
				);
				INFOPLIST_FILE = MyFirstAppTests/Info.plist;
				LD_RUNPATH_SEARCH_PATHS = "$(inherited) @executable_path/Frameworks @loader_path/Frameworks";
				METAL_ENABLE_DEBUG_INFO = YES;
				PRODUCT_NAME = "$(TARGET_NAME)";
				TEST_HOST = "$(BUNDLE_LOADER)";
			};
			name = Debug;
		};
		D0292F7E1953EC7F00919EC9 /* Release */ = {
			isa = XCBuildConfiguration;
			buildSettings = {
				BUNDLE_LOADER = "$(BUILT_PRODUCTS_DIR)/MyFirstApp.app/MyFirstApp";
				FRAMEWORK_SEARCH_PATHS = (
					"$(SDKROOT)/Developer/Library/Frameworks",
					"$(inherited)",
				);
				INFOPLIST_FILE = MyFirstAppTests/Info.plist;
				LD_RUNPATH_SEARCH_PATHS = "$(inherited) @executable_path/Frameworks @loader_path/Frameworks";
				METAL_ENABLE_DEBUG_INFO = NO;
				PRODUCT_NAME = "$(TARGET_NAME)";
				TEST_HOST = "$(BUNDLE_LOADER)";
			};
			name = Release;
		};
/* End XCBuildConfiguration section */

/* Begin XCConfigurationList section */
		D0292F581953EC7F00919EC9 /* Build configuration list for PBXProject "MyFirstApp" */ = {
			isa = XCConfigurationList;
			buildConfigurations = (
				D0292F771953EC7F00919EC9 /* Debug */,
				D0292F781953EC7F00919EC9 /* Release */,
			);
			defaultConfigurationIsVisible = 0;
			defaultConfigurationName = Release;
		};
		D0292F791953EC7F00919EC9 /* Build configuration list for PBXNativeTarget "MyFirstApp" */ = {
			isa = XCConfigurationList;
			buildConfigurations = (
				D0292F7A1953EC7F00919EC9 /* Debug */,
				D0292F7B1953EC7F00919EC9 /* Release */,
			);
			defaultConfigurationIsVisible = 0;
		};
		D0292F7C1953EC7F00919EC9 /* Build configuration list for PBXNativeTarget "MyFirstAppTests" */ = {
			isa = XCConfigurationList;
			buildConfigurations = (
				D0292F7D1953EC7F00919EC9 /* Debug */,
				D0292F7E1953EC7F00919EC9 /* Release */,
			);
			defaultConfigurationIsVisible = 0;
		};
/* End XCConfigurationList section */
	};
	rootObject = D0292F551953EC7F00919EC9 /* Project object */;
}
