// !$*UTF8*$!
{
	archiveVersion = 1;
	classes = {
	};
	objectVersion = 46;
	objects = {

/* Begin PBXBuildFile section */
		D023064719734C63001380E2 /* AppDelegate.swift in Sources */ = {isa = PBXBuildFile; fileRef = D023064619734C63001380E2 /* AppDelegate.swift */; };
		D023064919734C63001380E2 /* ViewController.swift in Sources */ = {isa = PBXBuildFile; fileRef = D023064819734C63001380E2 /* ViewController.swift */; };
		D023064C19734C63001380E2 /* Main.storyboard in Resources */ = {isa = PBXBuildFile; fileRef = D023064A19734C63001380E2 /* Main.storyboard */; };
		D023064E19734C63001380E2 /* Images.xcassets in Resources */ = {isa = PBXBuildFile; fileRef = D023064D19734C63001380E2 /* Images.xcassets */; };
		D023065A19734C63001380E2 /* MortgageTests.swift in Sources */ = {isa = PBXBuildFile; fileRef = D023065919734C63001380E2 /* MortgageTests.swift */; };
/* End PBXBuildFile section */

/* Begin PBXContainerItemProxy section */
		D023065419734C63001380E2 /* PBXContainerItemProxy */ = {
			isa = PBXContainerItemProxy;
			containerPortal = D023063919734C63001380E2 /* Project object */;
			proxyType = 1;
			remoteGlobalIDString = D023064019734C63001380E2;
			remoteInfo = Mortgage;
		};
/* End PBXContainerItemProxy section */

/* Begin PBXFileReference section */
		D023064119734C63001380E2 /* Mortgage.app */ = {isa = PBXFileReference; explicitFileType = wrapper.application; includeInIndex = 0; path = Mortgage.app; sourceTree = BUILT_PRODUCTS_DIR; };
		D023064519734C63001380E2 /* Info.plist */ = {isa = PBXFileReference; lastKnownFileType = text.plist.xml; path = Info.plist; sourceTree = "<group>"; };
		D023064619734C63001380E2 /* AppDelegate.swift */ = {isa = PBXFileReference; lastKnownFileType = sourcecode.swift; path = AppDelegate.swift; sourceTree = "<group>"; };
		D023064819734C63001380E2 /* ViewController.swift */ = {isa = PBXFileReference; lastKnownFileType = sourcecode.swift; path = ViewController.swift; sourceTree = "<group>"; };
		D023064B19734C63001380E2 /* Base */ = {isa = PBXFileReference; lastKnownFileType = file.storyboard; name = Base; path = Base.lproj/Main.storyboard; sourceTree = "<group>"; };
		D023064D19734C63001380E2 /* Images.xcassets */ = {isa = PBXFileReference; lastKnownFileType = folder.assetcatalog; path = Images.xcassets; sourceTree = "<group>"; };
		D023065319734C63001380E2 /* MortgageTests.xctest */ = {isa = PBXFileReference; explicitFileType = wrapper.cfbundle; includeInIndex = 0; path = MortgageTests.xctest; sourceTree = BUILT_PRODUCTS_DIR; };
		D023065819734C63001380E2 /* Info.plist */ = {isa = PBXFileReference; lastKnownFileType = text.plist.xml; path = Info.plist; sourceTree = "<group>"; };
		D023065919734C63001380E2 /* MortgageTests.swift */ = {isa = PBXFileReference; lastKnownFileType = sourcecode.swift; path = MortgageTests.swift; sourceTree = "<group>"; };
/* End PBXFileReference section */

/* Begin PBXFrameworksBuildPhase section */
		D023063E19734C63001380E2 /* Frameworks */ = {
			isa = PBXFrameworksBuildPhase;
			buildActionMask = 2147483647;
			files = (
			);
			runOnlyForDeploymentPostprocessing = 0;
		};
		D023065019734C63001380E2 /* Frameworks */ = {
			isa = PBXFrameworksBuildPhase;
			buildActionMask = 2147483647;
			files = (
			);
			runOnlyForDeploymentPostprocessing = 0;
		};
/* End PBXFrameworksBuildPhase section */

/* Begin PBXGroup section */
		D023063819734C63001380E2 = {
			isa = PBXGroup;
			children = (
				D023064319734C63001380E2 /* Mortgage */,
				D023065619734C63001380E2 /* MortgageTests */,
				D023064219734C63001380E2 /* Products */,
			);
			sourceTree = "<group>";
		};
		D023064219734C63001380E2 /* Products */ = {
			isa = PBXGroup;
			children = (
				D023064119734C63001380E2 /* Mortgage.app */,
				D023065319734C63001380E2 /* MortgageTests.xctest */,
			);
			name = Products;
			sourceTree = "<group>";
		};
		D023064319734C63001380E2 /* Mortgage */ = {
			isa = PBXGroup;
			children = (
				D023064619734C63001380E2 /* AppDelegate.swift */,
				D023064819734C63001380E2 /* ViewController.swift */,
				D023064A19734C63001380E2 /* Main.storyboard */,
				D023064D19734C63001380E2 /* Images.xcassets */,
				D023064419734C63001380E2 /* Supporting Files */,
			);
			path = Mortgage;
			sourceTree = "<group>";
		};
		D023064419734C63001380E2 /* Supporting Files */ = {
			isa = PBXGroup;
			children = (
				D023064519734C63001380E2 /* Info.plist */,
			);
			name = "Supporting Files";
			sourceTree = "<group>";
		};
		D023065619734C63001380E2 /* MortgageTests */ = {
			isa = PBXGroup;
			children = (
				D023065919734C63001380E2 /* MortgageTests.swift */,
				D023065719734C63001380E2 /* Supporting Files */,
			);
			path = MortgageTests;
			sourceTree = "<group>";
		};
		D023065719734C63001380E2 /* Supporting Files */ = {
			isa = PBXGroup;
			children = (
				D023065819734C63001380E2 /* Info.plist */,
			);
			name = "Supporting Files";
			sourceTree = "<group>";
		};
/* End PBXGroup section */

/* Begin PBXNativeTarget section */
		D023064019734C63001380E2 /* Mortgage */ = {
			isa = PBXNativeTarget;
			buildConfigurationList = D023065D19734C63001380E2 /* Build configuration list for PBXNativeTarget "Mortgage" */;
			buildPhases = (
				D023063D19734C63001380E2 /* Sources */,
				D023063E19734C63001380E2 /* Frameworks */,
				D023063F19734C63001380E2 /* Resources */,
			);
			buildRules = (
			);
			dependencies = (
			);
			name = Mortgage;
			productName = Mortgage;
			productReference = D023064119734C63001380E2 /* Mortgage.app */;
			productType = "com.apple.product-type.application";
		};
		D023065219734C63001380E2 /* MortgageTests */ = {
			isa = PBXNativeTarget;
			buildConfigurationList = D023066019734C63001380E2 /* Build configuration list for PBXNativeTarget "MortgageTests" */;
			buildPhases = (
				D023064F19734C63001380E2 /* Sources */,
				D023065019734C63001380E2 /* Frameworks */,
				D023065119734C63001380E2 /* Resources */,
			);
			buildRules = (
			);
			dependencies = (
				D023065519734C63001380E2 /* PBXTargetDependency */,
			);
			name = MortgageTests;
			productName = MortgageTests;
			productReference = D023065319734C63001380E2 /* MortgageTests.xctest */;
			productType = "com.apple.product-type.bundle.unit-test";
		};
/* End PBXNativeTarget section */

/* Begin PBXProject section */
		D023063919734C63001380E2 /* Project object */ = {
			isa = PBXProject;
			attributes = {
				LastUpgradeCheck = 0600;
				ORGANIZATIONNAME = "Harshpreet Singh";
				TargetAttributes = {
					D023064019734C63001380E2 = {
						CreatedOnToolsVersion = 6.0;
					};
					D023065219734C63001380E2 = {
						CreatedOnToolsVersion = 6.0;
						TestTargetID = D023064019734C63001380E2;
					};
				};
			};
			buildConfigurationList = D023063C19734C63001380E2 /* Build configuration list for PBXProject "Mortgage" */;
			compatibilityVersion = "Xcode 3.2";
			developmentRegion = English;
			hasScannedForEncodings = 0;
			knownRegions = (
				en,
				Base,
			);
			mainGroup = D023063819734C63001380E2;
			productRefGroup = D023064219734C63001380E2 /* Products */;
			projectDirPath = "";
			projectRoot = "";
			targets = (
				D023064019734C63001380E2 /* Mortgage */,
				D023065219734C63001380E2 /* MortgageTests */,
			);
		};
/* End PBXProject section */

/* Begin PBXResourcesBuildPhase section */
		D023063F19734C63001380E2 /* Resources */ = {
			isa = PBXResourcesBuildPhase;
			buildActionMask = 2147483647;
			files = (
				D023064C19734C63001380E2 /* Main.storyboard in Resources */,
				D023064E19734C63001380E2 /* Images.xcassets in Resources */,
			);
			runOnlyForDeploymentPostprocessing = 0;
		};
		D023065119734C63001380E2 /* Resources */ = {
			isa = PBXResourcesBuildPhase;
			buildActionMask = 2147483647;
			files = (
			);
			runOnlyForDeploymentPostprocessing = 0;
		};
/* End PBXResourcesBuildPhase section */

/* Begin PBXSourcesBuildPhase section */
		D023063D19734C63001380E2 /* Sources */ = {
			isa = PBXSourcesBuildPhase;
			buildActionMask = 2147483647;
			files = (
				D023064919734C63001380E2 /* ViewController.swift in Sources */,
				D023064719734C63001380E2 /* AppDelegate.swift in Sources */,
			);
			runOnlyForDeploymentPostprocessing = 0;
		};
		D023064F19734C63001380E2 /* Sources */ = {
			isa = PBXSourcesBuildPhase;
			buildActionMask = 2147483647;
			files = (
				D023065A19734C63001380E2 /* MortgageTests.swift in Sources */,
			);
			runOnlyForDeploymentPostprocessing = 0;
		};
/* End PBXSourcesBuildPhase section */

/* Begin PBXTargetDependency section */
		D023065519734C63001380E2 /* PBXTargetDependency */ = {
			isa = PBXTargetDependency;
			target = D023064019734C63001380E2 /* Mortgage */;
			targetProxy = D023065419734C63001380E2 /* PBXContainerItemProxy */;
		};
/* End PBXTargetDependency section */

/* Begin PBXVariantGroup section */
		D023064A19734C63001380E2 /* Main.storyboard */ = {
			isa = PBXVariantGroup;
			children = (
				D023064B19734C63001380E2 /* Base */,
			);
			name = Main.storyboard;
			sourceTree = "<group>";
		};
/* End PBXVariantGroup section */

/* Begin XCBuildConfiguration section */
		D023065B19734C63001380E2 /* Debug */ = {
			isa = XCBuildConfiguration;
			buildSettings = {
				ALWAYS_SEARCH_USER_PATHS = NO;
				CLANG_CXX_LANGUAGE_STANDARD = "gnu++0x";
				CLANG_CXX_LIBRARY = "libc++";
				CLANG_ENABLE_MODULES = YES;
				CLANG_ENABLE_OBJC_ARC = YES;
				CLANG_WARN_BOOL_CONVERSION = YES;
				CLANG_WARN_CONSTANT_CONVERSION = YES;
				CLANG_WARN_DIRECT_OBJC_ISA_USAGE = YES_ERROR;
				CLANG_WARN_EMPTY_BODY = YES;
				CLANG_WARN_ENUM_CONVERSION = YES;
				CLANG_WARN_INT_CONVERSION = YES;
				CLANG_WARN_OBJC_ROOT_CLASS = YES_ERROR;
				CLANG_WARN_UNREACHABLE_CODE = YES;
				CLANG_WARN__DUPLICATE_METHOD_MATCH = YES;
				"CODE_SIGN_IDENTITY[sdk=iphoneos*]" = "iPhone Developer";
				COPY_PHASE_STRIP = NO;
				ENABLE_STRICT_OBJC_MSGSEND = YES;
				GCC_C_LANGUAGE_STANDARD = gnu99;
				GCC_DYNAMIC_NO_PIC = NO;
				GCC_OPTIMIZATION_LEVEL = 0;
				GCC_PREPROCESSOR_DEFINITIONS = (
					"DEBUG=1",
					"$(inherited)",
				);
				GCC_SYMBOLS_PRIVATE_EXTERN = NO;
				GCC_WARN_64_TO_32_BIT_CONVERSION = YES;
				GCC_WARN_ABOUT_RETURN_TYPE = YES_ERROR;
				GCC_WARN_UNDECLARED_SELECTOR = YES;
				GCC_WARN_UNINITIALIZED_AUTOS = YES_AGGRESSIVE;
				GCC_WARN_UNUSED_FUNCTION = YES;
				GCC_WARN_UNUSED_VARIABLE = YES;
				IPHONEOS_DEPLOYMENT_TARGET = 8.0;
				METAL_ENABLE_DEBUG_INFO = YES;
				ONLY_ACTIVE_ARCH = YES;
				SDKROOT = iphoneos;
				SWIFT_OPTIMIZATION_LEVEL = "-Onone";
			};
			name = Debug;
		};
		D023065C19734C63001380E2 /* Release */ = {
			isa = XCBuildConfiguration;
			buildSettings = {
				ALWAYS_SEARCH_USER_PATHS = NO;
				CLANG_CXX_LANGUAGE_STANDARD = "gnu++0x";
				CLANG_CXX_LIBRARY = "libc++";
				CLANG_ENABLE_MODULES = YES;
				CLANG_ENABLE_OBJC_ARC = YES;
				CLANG_WARN_BOOL_CONVERSION = YES;
				CLANG_WARN_CONSTANT_CONVERSION = YES;
				CLANG_WARN_DIRECT_OBJC_ISA_USAGE = YES_ERROR;
				CLANG_WARN_EMPTY_BODY = YES;
				CLANG_WARN_ENUM_CONVERSION = YES;
				CLANG_WARN_INT_CONVERSION = YES;
				CLANG_WARN_OBJC_ROOT_CLASS = YES_ERROR;
				CLANG_WARN_UNREACHABLE_CODE = YES;
				CLANG_WARN__DUPLICATE_METHOD_MATCH = YES;
				"CODE_SIGN_IDENTITY[sdk=iphoneos*]" = "iPhone Developer";
				COPY_PHASE_STRIP = YES;
				ENABLE_NS_ASSERTIONS = NO;
				ENABLE_STRICT_OBJC_MSGSEND = YES;
				GCC_C_LANGUAGE_STANDARD = gnu99;
				GCC_WARN_64_TO_32_BIT_CONVERSION = YES;
				GCC_WARN_ABOUT_RETURN_TYPE = YES_ERROR;
				GCC_WARN_UNDECLARED_SELECTOR = YES;
				GCC_WARN_UNINITIALIZED_AUTOS = YES_AGGRESSIVE;
				GCC_WARN_UNUSED_FUNCTION = YES;
				GCC_WARN_UNUSED_VARIABLE = YES;
				IPHONEOS_DEPLOYMENT_TARGET = 8.0;
				METAL_ENABLE_DEBUG_INFO = NO;
				SDKROOT = iphoneos;
				VALIDATE_PRODUCT = YES;
			};
			name = Release;
		};
		D023065E19734C63001380E2 /* Debug */ = {
			isa = XCBuildConfiguration;
			buildSettings = {
				ASSETCATALOG_COMPILER_APPICON_NAME = AppIcon;
				ASSETCATALOG_COMPILER_LAUNCHIMAGE_NAME = LaunchImage;
				INFOPLIST_FILE = Mortgage/Info.plist;
				LD_RUNPATH_SEARCH_PATHS = "$(inherited) @executable_path/Frameworks";
				PRODUCT_NAME = "$(TARGET_NAME)";
			};
			name = Debug;
		};
		D023065F19734C63001380E2 /* Release */ = {
			isa = XCBuildConfiguration;
			buildSettings = {
				ASSETCATALOG_COMPILER_APPICON_NAME = AppIcon;
				ASSETCATALOG_COMPILER_LAUNCHIMAGE_NAME = LaunchImage;
				INFOPLIST_FILE = Mortgage/Info.plist;
				LD_RUNPATH_SEARCH_PATHS = "$(inherited) @executable_path/Frameworks";
				PRODUCT_NAME = "$(TARGET_NAME)";
			};
			name = Release;
		};
		D023066119734C63001380E2 /* Debug */ = {
			isa = XCBuildConfiguration;
			buildSettings = {
				BUNDLE_LOADER = "$(BUILT_PRODUCTS_DIR)/Mortgage.app/Mortgage";
				FRAMEWORK_SEARCH_PATHS = (
					"$(SDKROOT)/Developer/Library/Frameworks",
					"$(inherited)",
				);
				GCC_PREPROCESSOR_DEFINITIONS = (
					"DEBUG=1",
					"$(inherited)",
				);
				INFOPLIST_FILE = MortgageTests/Info.plist;
				LD_RUNPATH_SEARCH_PATHS = "$(inherited) @executable_path/Frameworks @loader_path/Frameworks";
				METAL_ENABLE_DEBUG_INFO = YES;
				PRODUCT_NAME = "$(TARGET_NAME)";
				TEST_HOST = "$(BUNDLE_LOADER)";
			};
			name = Debug;
		};
		D023066219734C63001380E2 /* Release */ = {
			isa = XCBuildConfiguration;
			buildSettings = {
				BUNDLE_LOADER = "$(BUILT_PRODUCTS_DIR)/Mortgage.app/Mortgage";
				FRAMEWORK_SEARCH_PATHS = (
					"$(SDKROOT)/Developer/Library/Frameworks",
					"$(inherited)",
				);
				INFOPLIST_FILE = MortgageTests/Info.plist;
				LD_RUNPATH_SEARCH_PATHS = "$(inherited) @executable_path/Frameworks @loader_path/Frameworks";
				METAL_ENABLE_DEBUG_INFO = NO;
				PRODUCT_NAME = "$(TARGET_NAME)";
				TEST_HOST = "$(BUNDLE_LOADER)";
			};
			name = Release;
		};
/* End XCBuildConfiguration section */

/* Begin XCConfigurationList section */
		D023063C19734C63001380E2 /* Build configuration list for PBXProject "Mortgage" */ = {
			isa = XCConfigurationList;
			buildConfigurations = (
				D023065B19734C63001380E2 /* Debug */,
				D023065C19734C63001380E2 /* Release */,
			);
			defaultConfigurationIsVisible = 0;
			defaultConfigurationName = Release;
		};
		D023065D19734C63001380E2 /* Build configuration list for PBXNativeTarget "Mortgage" */ = {
			isa = XCConfigurationList;
			buildConfigurations = (
				D023065E19734C63001380E2 /* Debug */,
				D023065F19734C63001380E2 /* Release */,
			);
			defaultConfigurationIsVisible = 0;
		};
		D023066019734C63001380E2 /* Build configuration list for PBXNativeTarget "MortgageTests" */ = {
			isa = XCConfigurationList;
			buildConfigurations = (
				D023066119734C63001380E2 /* Debug */,
				D023066219734C63001380E2 /* Release */,
			);
			defaultConfigurationIsVisible = 0;
		};
/* End XCConfigurationList section */
	};
	rootObject = D023063919734C63001380E2 /* Project object */;
}
